<?xml version="1.0" encoding="utf-8"?>
<Project ToolsVersion="4.0" xmlns="http://schemas.microsoft.com/developer/msbuild/2003">
  <ItemGroup>
    <Filter Include="src">
      <UniqueIdentifier>{75948ecc-ffb9-497d-ae36-2d0056feafe2}</UniqueIdentifier>
    </Filter>
    <Filter Include="src\mason">
      <UniqueIdentifier>{626b98ae-e717-483d-b53e-362be5f41d79}</UniqueIdentifier>
    </Filter>
    <Filter Include="src\fmt">
      <UniqueIdentifier>{df61c0df-f7b2-46fd-9c08-049877f01376}</UniqueIdentifier>
    </Filter>
    <Filter Include="src\vu">
      <UniqueIdentifier>{96499bd1-fc6e-4af0-beb0-34353fefc2bb}</UniqueIdentifier>
    </Filter>
  </ItemGroup>
  <ItemGroup>
    <ClCompile Include="..\..\src\fmt\format.cc">
      <Filter>src\fmt</Filter>
    </ClCompile>
    <ClCompile Include="..\..\src\vu\Control.cpp">
      <Filter>src\vu</Filter>
    </ClCompile>
    <ClCompile Include="..\..\src\vu\Filter.cpp">
      <Filter>src\vu</Filter>
    </ClCompile>
    <ClCompile Include="..\..\src\vu\GestureTracker.cpp">
      <Filter>src\vu</Filter>
    </ClCompile>
    <ClCompile Include="..\..\src\vu\Graph.cpp">
      <Filter>src\vu</Filter>
    </ClCompile>
    <ClCompile Include="..\..\src\vu\Image.cpp">
      <Filter>src\vu</Filter>
    </ClCompile>
    <ClCompile Include="..\..\src\vu\ImageView.cpp">
      <Filter>src\vu</Filter>
    </ClCompile>
    <ClCompile Include="..\..\src\vu\Interface3d.cpp">
      <Filter>src\vu</Filter>
    </ClCompile>
    <ClCompile Include="..\..\src\vu\Label.cpp">
      <Filter>src\vu</Filter>
    </ClCompile>
    <ClCompile Include="..\..\src\vu\Layer.cpp">
      <Filter>src\vu</Filter>
    </ClCompile>
    <ClCompile Include="..\..\src\vu\Layout.cpp">
      <Filter>src\vu</Filter>
    </ClCompile>
    <ClCompile Include="..\..\src\vu\Renderer.cpp">
      <Filter>src\vu</Filter>
    </ClCompile>
    <ClCompile Include="..\..\src\vu\ScrollView.cpp">
      <Filter>src\vu</Filter>
    </ClCompile>
    <ClCompile Include="..\..\src\vu\Suite.cpp">
      <Filter>src\vu</Filter>
    </ClCompile>
    <ClCompile Include="..\..\src\vu\TextField.cpp">
      <Filter>src\vu</Filter>
    </ClCompile>
    <ClCompile Include="..\..\src\vu\TextManager.cpp">
      <Filter>src\vu</Filter>
    </ClCompile>
    <ClCompile Include="..\..\src\vu\View.cpp">
      <Filter>src\vu</Filter>
    </ClCompile>
  </ItemGroup>
  <ItemGroup>
    <ClInclude Include="..\..\src\mason\Factory.h">
      <Filter>src\mason</Filter>
    </ClInclude>
    <ClInclude Include="..\..\src\fmt\format.h">
      <Filter>src\fmt</Filter>
    </ClInclude>
    <ClInclude Include="..\..\src\vu\Control.h">
      <Filter>src\vu</Filter>
    </ClInclude>
    <ClInclude Include="..\..\src\vu\Debug.h">
      <Filter>src\vu</Filter>
    </ClInclude>
    <ClInclude Include="..\..\src\vu\Export.h">
      <Filter>src\vu</Filter>
    </ClInclude>
    <ClInclude Include="..\..\src\vu\Filter.h">
      <Filter>src\vu</Filter>
    </ClInclude>
    <ClInclude Include="..\..\src\vu\GestureTracker.h">
      <Filter>src\vu</Filter>
    </ClInclude>
    <ClInclude Include="..\..\src\vu\Graph.h">
      <Filter>src\vu</Filter>
    </ClInclude>
    <ClInclude Include="..\..\src\vu\Image.h">
      <Filter>src\vu</Filter>
    </ClInclude>
    <ClInclude Include="..\..\src\vu\ImageView.h">
      <Filter>src\vu</Filter>
    </ClInclude>
    <ClInclude Include="..\..\src\vu\Interface3d.h">
      <Filter>src\vu</Filter>
    </ClInclude>
    <ClInclude Include="..\..\src\vu\Label.h">
      <Filter>src\vu</Filter>
    </ClInclude>
    <ClInclude Include="..\..\src\vu\Layer.h">
      <Filter>src\vu</Filter>
    </ClInclude>
    <ClInclude Include="..\..\src\vu\Layout.h">
      <Filter>src\vu</Filter>
    </ClInclude>
    <ClInclude Include="..\..\src\vu\Renderer.h">
      <Filter>src\vu</Filter>
    </ClInclude>
    <ClInclude Include="..\..\src\vu\ScrollView.h">
      <Filter>src\vu</Filter>
    </ClInclude>
    <ClInclude Include="..\..\src\vu\Suite.h">
      <Filter>src\vu</Filter>
    </ClInclude>
    <ClInclude Include="..\..\src\vu\TextField.h">
      <Filter>src\vu</Filter>
    </ClInclude>
    <ClInclude Include="..\..\src\vu\TextManager.h">
      <Filter>src\vu</Filter>
    </ClInclude>
    <ClInclude Include="..\..\src\vu\View.h">
      <Filter>src\vu</Filter>
    </ClInclude>
    <ClInclude Include="..\..\src\vu\vu.h">
      <Filter>src\vu</Filter>
    </ClInclude>
    <ClInclude Include="..\..\src\mason\Format.h">
      <Filter>src\mason</Filter>
    </ClInclude>
  </ItemGroup>
</Project>