// !$*UTF8*$!
{
	archiveVersion = 1;
	classes = {
	};
	objectVersion = 46;
	objects = {

/* Begin PBXBuildFile section */
		0091D8F90E81B9330029341E /* OpenGL.framework in Frameworks */ = {isa = PBXBuildFile; fileRef = 0091D8F80E81B9330029341E /* OpenGL.framework */; };
		00B784B30FF439BC000DE1D7 /* Accelerate.framework in Frameworks */ = {isa = PBXBuildFile; fileRef = 00B784AF0FF439BC000DE1D7 /* Accelerate.framework */; };
		00B784B40FF439BC000DE1D7 /* AudioToolbox.framework in Frameworks */ = {isa = PBXBuildFile; fileRef = 00B784B00FF439BC000DE1D7 /* AudioToolbox.framework */; };
		00B784B50FF439BC000DE1D7 /* AudioUnit.framework in Frameworks */ = {isa = PBXBuildFile; fileRef = 00B784B10FF439BC000DE1D7 /* AudioUnit.framework */; };
		00B784B60FF439BC000DE1D7 /* CoreAudio.framework in Frameworks */ = {isa = PBXBuildFile; fileRef = 00B784B20FF439BC000DE1D7 /* CoreAudio.framework */; };
		1118C06619AA386600F0D18B /* AVFoundation.framework in Frameworks */ = {isa = PBXBuildFile; fileRef = 1118C06519AA386600F0D18B /* AVFoundation.framework */; };
		1118C06819AA388500F0D18B /* CoreMedia.framework in Frameworks */ = {isa = PBXBuildFile; fileRef = 1118C06719AA388500F0D18B /* CoreMedia.framework */; };
		1134430B1C73F7350033C5B0 /* FilterTest.cpp in Sources */ = {isa = PBXBuildFile; fileRef = 113443091C73F7350033C5B0 /* FilterTest.cpp */; };
		114F64B01BE09841000CE3EE /* ViewTestsApp.cpp in Sources */ = {isa = PBXBuildFile; fileRef = 114F64AB1BE09841000CE3EE /* ViewTestsApp.cpp */; };
		114F64B11BE09841000CE3EE /* ScrollTests.cpp in Sources */ = {isa = PBXBuildFile; fileRef = 114F64AC1BE09841000CE3EE /* ScrollTests.cpp */; };
		114F64B21BE09841000CE3EE /* BasicViewTests.cpp in Sources */ = {isa = PBXBuildFile; fileRef = 114F64AE1BE09841000CE3EE /* BasicViewTests.cpp */; };
		114F65311BE0B1D4000CE3EE /* ControlsTest.cpp in Sources */ = {isa = PBXBuildFile; fileRef = 114F652F1BE0B1D4000CE3EE /* ControlsTest.cpp */; };
		11533B8E1C39096800933145 /* MultiTouchTest.cpp in Sources */ = {isa = PBXBuildFile; fileRef = 11533B8C1C39096800933145 /* MultiTouchTest.cpp */; };
		119C4EB81B2391DE006563C5 /* IOKit.framework in Frameworks */ = {isa = PBXBuildFile; fileRef = 119C4EB71B2391DE006563C5 /* IOKit.framework */; };
		11A00A6C1C09108200DCA5A7 /* CompositingTest.cpp in Sources */ = {isa = PBXBuildFile; fileRef = 11A00A6A1C09108200DCA5A7 /* CompositingTest.cpp */; };
		5323E6B20EAFCA74003A9687 /* CoreVideo.framework in Frameworks */ = {isa = PBXBuildFile; fileRef = 5323E6B10EAFCA74003A9687 /* CoreVideo.framework */; };
		5323E6B60EAFCA7E003A9687 /* QTKit.framework in Frameworks */ = {isa = PBXBuildFile; fileRef = 5323E6B50EAFCA7E003A9687 /* QTKit.framework */; };
		8D11072F0486CEB800E47090 /* Cocoa.framework in Frameworks */ = {isa = PBXBuildFile; fileRef = 1058C7A1FEA54F0111CA2CBB /* Cocoa.framework */; };
/* End PBXBuildFile section */

/* Begin PBXContainerItemProxy section */
		114F64B91BE09A4E000CE3EE /* PBXContainerItemProxy */ = {
			isa = PBXContainerItemProxy;
			containerPortal = 114F64B31BE09A4E000CE3EE /* cinder-view.xcodeproj */;
			proxyType = 2;
			remoteGlobalIDString = 1104F3C917753F10003EAA2B;
			remoteInfo = "cinder-view-mac";
		};
		114F64BB1BE09A4E000CE3EE /* PBXContainerItemProxy */ = {
			isa = PBXContainerItemProxy;
			containerPortal = 114F64B31BE09A4E000CE3EE /* cinder-view.xcodeproj */;
			proxyType = 2;
			remoteGlobalIDString = 11B0421C179B90450034BEE2;
			remoteInfo = "cinder-view-ios";
		};
		114F651E1BE0AB6E000CE3EE /* PBXContainerItemProxy */ = {
			isa = PBXContainerItemProxy;
			containerPortal = 114F64B31BE09A4E000CE3EE /* cinder-view.xcodeproj */;
			proxyType = 1;
			remoteGlobalIDString = 1104F3C817753F10003EAA2B;
			remoteInfo = "cinder-view-mac";
		};
/* End PBXContainerItemProxy section */

/* Begin PBXFileReference section */
		0091D8F80E81B9330029341E /* OpenGL.framework */ = {isa = PBXFileReference; lastKnownFileType = wrapper.framework; name = OpenGL.framework; path = /System/Library/Frameworks/OpenGL.framework; sourceTree = "<absolute>"; };
		00B784AF0FF439BC000DE1D7 /* Accelerate.framework */ = {isa = PBXFileReference; lastKnownFileType = wrapper.framework; name = Accelerate.framework; path = System/Library/Frameworks/Accelerate.framework; sourceTree = SDKROOT; };
		00B784B00FF439BC000DE1D7 /* AudioToolbox.framework */ = {isa = PBXFileReference; lastKnownFileType = wrapper.framework; name = AudioToolbox.framework; path = System/Library/Frameworks/AudioToolbox.framework; sourceTree = SDKROOT; };
		00B784B10FF439BC000DE1D7 /* AudioUnit.framework */ = {isa = PBXFileReference; lastKnownFileType = wrapper.framework; name = AudioUnit.framework; path = System/Library/Frameworks/AudioUnit.framework; sourceTree = SDKROOT; };
		00B784B20FF439BC000DE1D7 /* CoreAudio.framework */ = {isa = PBXFileReference; lastKnownFileType = wrapper.framework; name = CoreAudio.framework; path = System/Library/Frameworks/CoreAudio.framework; sourceTree = SDKROOT; };
		1058C7A1FEA54F0111CA2CBB /* Cocoa.framework */ = {isa = PBXFileReference; lastKnownFileType = wrapper.framework; name = Cocoa.framework; path = /System/Library/Frameworks/Cocoa.framework; sourceTree = "<absolute>"; };
		1118C06519AA386600F0D18B /* AVFoundation.framework */ = {isa = PBXFileReference; lastKnownFileType = wrapper.framework; name = AVFoundation.framework; path = System/Library/Frameworks/AVFoundation.framework; sourceTree = SDKROOT; };
		1118C06719AA388500F0D18B /* CoreMedia.framework */ = {isa = PBXFileReference; lastKnownFileType = wrapper.framework; name = CoreMedia.framework; path = System/Library/Frameworks/CoreMedia.framework; sourceTree = SDKROOT; };
		113443091C73F7350033C5B0 /* FilterTest.cpp */ = {isa = PBXFileReference; fileEncoding = 4; lastKnownFileType = sourcecode.cpp.cpp; name = FilterTest.cpp; path = ../src/FilterTest.cpp; sourceTree = "<group>"; };
		1134430A1C73F7350033C5B0 /* FilterTest.h */ = {isa = PBXFileReference; fileEncoding = 4; lastKnownFileType = sourcecode.c.h; name = FilterTest.h; path = ../src/FilterTest.h; sourceTree = "<group>"; };
		114F64AB1BE09841000CE3EE /* ViewTestsApp.cpp */ = {isa = PBXFileReference; fileEncoding = 4; lastKnownFileType = sourcecode.cpp.cpp; name = ViewTestsApp.cpp; path = ../src/ViewTestsApp.cpp; sourceTree = "<group>"; };
		114F64AC1BE09841000CE3EE /* ScrollTests.cpp */ = {isa = PBXFileReference; fileEncoding = 4; lastKnownFileType = sourcecode.cpp.cpp; name = ScrollTests.cpp; path = ../src/ScrollTests.cpp; sourceTree = "<group>"; };
		114F64AD1BE09841000CE3EE /* ScrollTests.h */ = {isa = PBXFileReference; fileEncoding = 4; lastKnownFileType = sourcecode.c.h; name = ScrollTests.h; path = ../src/ScrollTests.h; sourceTree = "<group>"; };
		114F64AE1BE09841000CE3EE /* BasicViewTests.cpp */ = {isa = PBXFileReference; fileEncoding = 4; lastKnownFileType = sourcecode.cpp.cpp; name = BasicViewTests.cpp; path = ../src/BasicViewTests.cpp; sourceTree = "<group>"; };
		114F64AF1BE09841000CE3EE /* BasicViewTests.h */ = {isa = PBXFileReference; fileEncoding = 4; lastKnownFileType = sourcecode.c.h; name = BasicViewTests.h; path = ../src/BasicViewTests.h; sourceTree = "<group>"; };
		114F64B31BE09A4E000CE3EE /* cinder-view.xcodeproj */ = {isa = PBXFileReference; lastKnownFileType = "wrapper.pb-project"; name = "cinder-view.xcodeproj"; path = "../../xcode/cinder-view.xcodeproj"; sourceTree = "<group>"; };
		114F652F1BE0B1D4000CE3EE /* ControlsTest.cpp */ = {isa = PBXFileReference; fileEncoding = 4; lastKnownFileType = sourcecode.cpp.cpp; name = ControlsTest.cpp; path = ../src/ControlsTest.cpp; sourceTree = "<group>"; };
		114F65301BE0B1D4000CE3EE /* ControlsTest.h */ = {isa = PBXFileReference; fileEncoding = 4; lastKnownFileType = sourcecode.c.h; name = ControlsTest.h; path = ../src/ControlsTest.h; sourceTree = "<group>"; };
		11533B8C1C39096800933145 /* MultiTouchTest.cpp */ = {isa = PBXFileReference; fileEncoding = 4; lastKnownFileType = sourcecode.cpp.cpp; name = MultiTouchTest.cpp; path = ../src/MultiTouchTest.cpp; sourceTree = "<group>"; };
		11533B8D1C39096800933145 /* MultiTouchTest.h */ = {isa = PBXFileReference; fileEncoding = 4; lastKnownFileType = sourcecode.c.h; name = MultiTouchTest.h; path = ../src/MultiTouchTest.h; sourceTree = "<group>"; };
		11576ABF1970AD9100BE66B3 /* Prefix.pch */ = {isa = PBXFileReference; lastKnownFileType = sourcecode.c.h; path = Prefix.pch; sourceTree = "<group>"; };
		119C4EB71B2391DE006563C5 /* IOKit.framework */ = {isa = PBXFileReference; lastKnownFileType = wrapper.framework; name = IOKit.framework; path = System/Library/Frameworks/IOKit.framework; sourceTree = SDKROOT; };
		11A00A6A1C09108200DCA5A7 /* CompositingTest.cpp */ = {isa = PBXFileReference; fileEncoding = 4; lastKnownFileType = sourcecode.cpp.cpp; name = CompositingTest.cpp; path = ../src/CompositingTest.cpp; sourceTree = "<group>"; };
		11A00A6B1C09108200DCA5A7 /* CompositingTest.h */ = {isa = PBXFileReference; fileEncoding = 4; lastKnownFileType = sourcecode.c.h; name = CompositingTest.h; path = ../src/CompositingTest.h; sourceTree = "<group>"; };
		11C895881834977200F7C515 /* libjscre.a */ = {isa = PBXFileReference; lastKnownFileType = archive.ar; name = libjscre.a; path = "../blocks/Cinder-Dart/dart-runtime/lib/macosx/libjscre.a"; sourceTree = "<group>"; };
		11C895891834977200F7C515 /* libdouble_conversion.a */ = {isa = PBXFileReference; lastKnownFileType = archive.ar; name = libdouble_conversion.a; path = "../blocks/Cinder-Dart/dart-runtime/lib/macosx/libdouble_conversion.a"; sourceTree = "<group>"; };
		11C8958A1834977200F7C515 /* libdart_withcore.a */ = {isa = PBXFileReference; lastKnownFileType = archive.ar; name = libdart_withcore.a; path = "../blocks/Cinder-Dart/dart-runtime/lib/macosx/libdart_withcore.a"; sourceTree = "<group>"; };
		11C8958B1834977200F7C515 /* libdart_vm.a */ = {isa = PBXFileReference; lastKnownFileType = archive.ar; name = libdart_vm.a; path = "../blocks/Cinder-Dart/dart-runtime/lib/macosx/libdart_vm.a"; sourceTree = "<group>"; };
		11C8958C1834977200F7C515 /* libdart_lib_withcore.a */ = {isa = PBXFileReference; lastKnownFileType = archive.ar; name = libdart_lib_withcore.a; path = "../blocks/Cinder-Dart/dart-runtime/lib/macosx/libdart_lib_withcore.a"; sourceTree = "<group>"; };
		11C8958D1834977200F7C515 /* libdart_builtin.a */ = {isa = PBXFileReference; lastKnownFileType = archive.ar; name = libdart_builtin.a; path = "../blocks/Cinder-Dart/dart-runtime/lib/macosx/libdart_builtin.a"; sourceTree = "<group>"; };
		11F7A0431B2CDD9000D930D0 /* assets */ = {isa = PBXFileReference; lastKnownFileType = folder; name = assets; path = ../assets; sourceTree = "<group>"; };
		29B97324FDCFA39411CA2CEA /* AppKit.framework */ = {isa = PBXFileReference; lastKnownFileType = wrapper.framework; name = AppKit.framework; path = /System/Library/Frameworks/AppKit.framework; sourceTree = "<absolute>"; };
		29B97325FDCFA39411CA2CEA /* Foundation.framework */ = {isa = PBXFileReference; lastKnownFileType = wrapper.framework; name = Foundation.framework; path = /System/Library/Frameworks/Foundation.framework; sourceTree = "<absolute>"; };
		5323E6B10EAFCA74003A9687 /* CoreVideo.framework */ = {isa = PBXFileReference; lastKnownFileType = wrapper.framework; name = CoreVideo.framework; path = /System/Library/Frameworks/CoreVideo.framework; sourceTree = "<absolute>"; };
		5323E6B50EAFCA7E003A9687 /* QTKit.framework */ = {isa = PBXFileReference; lastKnownFileType = wrapper.framework; name = QTKit.framework; path = /System/Library/Frameworks/QTKit.framework; sourceTree = "<absolute>"; };
		8D1107320486CEB800E47090 /* ViewTests.app */ = {isa = PBXFileReference; explicitFileType = wrapper.application; includeInIndex = 0; path = ViewTests.app; sourceTree = BUILT_PRODUCTS_DIR; };
		E82B25253E334E9E86133A88 /* Info.plist */ = {isa = PBXFileReference; lastKnownFileType = text.plist.xml; path = Info.plist; sourceTree = "<group>"; };
/* End PBXFileReference section */

/* Begin PBXFrameworksBuildPhase section */
		8D11072E0486CEB800E47090 /* Frameworks */ = {
			isa = PBXFrameworksBuildPhase;
			buildActionMask = 2147483647;
			files = (
				119C4EB81B2391DE006563C5 /* IOKit.framework in Frameworks */,
				1118C06819AA388500F0D18B /* CoreMedia.framework in Frameworks */,
				1118C06619AA386600F0D18B /* AVFoundation.framework in Frameworks */,
				8D11072F0486CEB800E47090 /* Cocoa.framework in Frameworks */,
				0091D8F90E81B9330029341E /* OpenGL.framework in Frameworks */,
				5323E6B20EAFCA74003A9687 /* CoreVideo.framework in Frameworks */,
				5323E6B60EAFCA7E003A9687 /* QTKit.framework in Frameworks */,
				00B784B30FF439BC000DE1D7 /* Accelerate.framework in Frameworks */,
				00B784B40FF439BC000DE1D7 /* AudioToolbox.framework in Frameworks */,
				00B784B50FF439BC000DE1D7 /* AudioUnit.framework in Frameworks */,
				00B784B60FF439BC000DE1D7 /* CoreAudio.framework in Frameworks */,
			);
			runOnlyForDeploymentPostprocessing = 0;
		};
/* End PBXFrameworksBuildPhase section */

/* Begin PBXGroup section */
		080E96DDFE201D6D7F000001 /* Source */ = {
			isa = PBXGroup;
			children = (
				113443091C73F7350033C5B0 /* FilterTest.cpp */,
				1134430A1C73F7350033C5B0 /* FilterTest.h */,
				114F64AE1BE09841000CE3EE /* BasicViewTests.cpp */,
				114F64AF1BE09841000CE3EE /* BasicViewTests.h */,
				11A00A6A1C09108200DCA5A7 /* CompositingTest.cpp */,
				11A00A6B1C09108200DCA5A7 /* CompositingTest.h */,
				114F652F1BE0B1D4000CE3EE /* ControlsTest.cpp */,
				114F65301BE0B1D4000CE3EE /* ControlsTest.h */,
				11533B8C1C39096800933145 /* MultiTouchTest.cpp */,
				11533B8D1C39096800933145 /* MultiTouchTest.h */,
				114F64AC1BE09841000CE3EE /* ScrollTests.cpp */,
				114F64AD1BE09841000CE3EE /* ScrollTests.h */,
				114F64AB1BE09841000CE3EE /* ViewTestsApp.cpp */,
			);
			name = Source;
			sourceTree = "<group>";
		};
		1058C7A0FEA54F0111CA2CBB /* Linked Frameworks */ = {
			isa = PBXGroup;
			children = (
				00B784AF0FF439BC000DE1D7 /* Accelerate.framework */,
				00B784B00FF439BC000DE1D7 /* AudioToolbox.framework */,
				00B784B10FF439BC000DE1D7 /* AudioUnit.framework */,
				00B784B20FF439BC000DE1D7 /* CoreAudio.framework */,
				5323E6B50EAFCA7E003A9687 /* QTKit.framework */,
				5323E6B10EAFCA74003A9687 /* CoreVideo.framework */,
				0091D8F80E81B9330029341E /* OpenGL.framework */,
				1058C7A1FEA54F0111CA2CBB /* Cocoa.framework */,
			);
			name = "Linked Frameworks";
			sourceTree = "<group>";
		};
		1058C7A2FEA54F0111CA2CBB /* Other Frameworks */ = {
			isa = PBXGroup;
			children = (
				29B97324FDCFA39411CA2CEA /* AppKit.framework */,
				29B97325FDCFA39411CA2CEA /* Foundation.framework */,
			);
			name = "Other Frameworks";
			sourceTree = "<group>";
		};
		114F64B41BE09A4E000CE3EE /* Products */ = {
			isa = PBXGroup;
			children = (
				114F64BA1BE09A4E000CE3EE /* libcinder-view.a */,
				114F64BC1BE09A4E000CE3EE /* libcinder-view.a */,
			);
			name = Products;
			sourceTree = "<group>";
		};
		19C28FACFE9D520D11CA2CBB /* Products */ = {
			isa = PBXGroup;
			children = (
				8D1107320486CEB800E47090 /* ViewTests.app */,
			);
			name = Products;
			sourceTree = "<group>";
		};
		29B97314FDCFA39411CA2CEA /* ViewTests */ = {
			isa = PBXGroup;
			children = (
				114F64B31BE09A4E000CE3EE /* cinder-view.xcodeproj */,
				29B97315FDCFA39411CA2CEA /* prefix */,
				080E96DDFE201D6D7F000001 /* Source */,
				29B97317FDCFA39411CA2CEA /* Resources */,
				29B97323FDCFA39411CA2CEA /* Frameworks */,
				19C28FACFE9D520D11CA2CBB /* Products */,
			);
			name = ViewTests;
			sourceTree = "<group>";
		};
		29B97315FDCFA39411CA2CEA /* prefix */ = {
			isa = PBXGroup;
			children = (
				11576ABF1970AD9100BE66B3 /* Prefix.pch */,
			);
			name = prefix;
			sourceTree = "<group>";
		};
		29B97317FDCFA39411CA2CEA /* Resources */ = {
			isa = PBXGroup;
			children = (
				11F7A0431B2CDD9000D930D0 /* assets */,
				E82B25253E334E9E86133A88 /* Info.plist */,
			);
			name = Resources;
			sourceTree = "<group>";
		};
		29B97323FDCFA39411CA2CEA /* Frameworks */ = {
			isa = PBXGroup;
			children = (
				119C4EB71B2391DE006563C5 /* IOKit.framework */,
				1118C06719AA388500F0D18B /* CoreMedia.framework */,
				1118C06519AA386600F0D18B /* AVFoundation.framework */,
				11C895881834977200F7C515 /* libjscre.a */,
				11C895891834977200F7C515 /* libdouble_conversion.a */,
				11C8958A1834977200F7C515 /* libdart_withcore.a */,
				11C8958B1834977200F7C515 /* libdart_vm.a */,
				11C8958C1834977200F7C515 /* libdart_lib_withcore.a */,
				11C8958D1834977200F7C515 /* libdart_builtin.a */,
				1058C7A0FEA54F0111CA2CBB /* Linked Frameworks */,
				1058C7A2FEA54F0111CA2CBB /* Other Frameworks */,
			);
			name = Frameworks;
			sourceTree = "<group>";
		};
/* End PBXGroup section */

/* Begin PBXNativeTarget section */
		8D1107260486CEB800E47090 /* ViewTests */ = {
			isa = PBXNativeTarget;
			buildConfigurationList = C01FCF4A08A954540054247B /* Build configuration list for PBXNativeTarget "ViewTests" */;
			buildPhases = (
				8D1107290486CEB800E47090 /* Resources */,
				8D11072C0486CEB800E47090 /* Sources */,
				8D11072E0486CEB800E47090 /* Frameworks */,
			);
			buildRules = (
			);
			dependencies = (
				114F651F1BE0AB6E000CE3EE /* PBXTargetDependency */,
			);
			name = ViewTests;
			productInstallPath = "$(HOME)/Applications";
			productName = ViewTests;
			productReference = 8D1107320486CEB800E47090 /* ViewTests.app */;
			productType = "com.apple.product-type.application";
		};
/* End PBXNativeTarget section */

/* Begin PBXProject section */
		29B97313FDCFA39411CA2CEA /* Project object */ = {
			isa = PBXProject;
			attributes = {
			};
			buildConfigurationList = C01FCF4E08A954540054247B /* Build configuration list for PBXProject "ViewTests" */;
			compatibilityVersion = "Xcode 3.2";
			developmentRegion = English;
			hasScannedForEncodings = 1;
			knownRegions = (
				English,
				Japanese,
				French,
				German,
			);
			mainGroup = 29B97314FDCFA39411CA2CEA /* ViewTests */;
			projectDirPath = "";
			projectReferences = (
				{
					ProductGroup = 114F64B41BE09A4E000CE3EE /* Products */;
					ProjectRef = 114F64B31BE09A4E000CE3EE /* cinder-view.xcodeproj */;
				},
			);
			projectRoot = "";
			targets = (
				8D1107260486CEB800E47090 /* ViewTests */,
			);
		};
/* End PBXProject section */

/* Begin PBXReferenceProxy section */
		114F64BA1BE09A4E000CE3EE /* libcinder-view.a */ = {
			isa = PBXReferenceProxy;
			fileType = archive.ar;
			path = "libcinder-view.a";
			remoteRef = 114F64B91BE09A4E000CE3EE /* PBXContainerItemProxy */;
			sourceTree = BUILT_PRODUCTS_DIR;
		};
		114F64BC1BE09A4E000CE3EE /* libcinder-view.a */ = {
			isa = PBXReferenceProxy;
			fileType = archive.ar;
			path = "libcinder-view.a";
			remoteRef = 114F64BB1BE09A4E000CE3EE /* PBXContainerItemProxy */;
			sourceTree = BUILT_PRODUCTS_DIR;
		};
/* End PBXReferenceProxy section */

/* Begin PBXResourcesBuildPhase section */
		8D1107290486CEB800E47090 /* Resources */ = {
			isa = PBXResourcesBuildPhase;
			buildActionMask = 2147483647;
			files = (
			);
			runOnlyForDeploymentPostprocessing = 0;
		};
/* End PBXResourcesBuildPhase section */

/* Begin PBXSourcesBuildPhase section */
		8D11072C0486CEB800E47090 /* Sources */ = {
			isa = PBXSourcesBuildPhase;
			buildActionMask = 2147483647;
			files = (
				114F64B01BE09841000CE3EE /* ViewTestsApp.cpp in Sources */,
				11533B8E1C39096800933145 /* MultiTouchTest.cpp in Sources */,
				114F65311BE0B1D4000CE3EE /* ControlsTest.cpp in Sources */,
				114F64B11BE09841000CE3EE /* ScrollTests.cpp in Sources */,
				114F64B21BE09841000CE3EE /* BasicViewTests.cpp in Sources */,
				1134430B1C73F7350033C5B0 /* FilterTest.cpp in Sources */,
				11A00A6C1C09108200DCA5A7 /* CompositingTest.cpp in Sources */,
			);
			runOnlyForDeploymentPostprocessing = 0;
		};
/* End PBXSourcesBuildPhase section */

/* Begin PBXTargetDependency section */
		114F651F1BE0AB6E000CE3EE /* PBXTargetDependency */ = {
			isa = PBXTargetDependency;
			name = "cinder-view-mac";
			targetProxy = 114F651E1BE0AB6E000CE3EE /* PBXContainerItemProxy */;
		};
/* End PBXTargetDependency section */

/* Begin XCBuildConfiguration section */
		C01FCF4B08A954540054247B /* Debug */ = {
			isa = XCBuildConfiguration;
			buildSettings = {
				COMBINE_HIDPI_IMAGES = YES;
				COPY_PHASE_STRIP = NO;
				DEAD_CODE_STRIPPING = YES;
				GCC_DYNAMIC_NO_PIC = NO;
				GCC_INLINES_ARE_PRIVATE_EXTERN = YES;
				GCC_OPTIMIZATION_LEVEL = 0;
				GCC_PRECOMPILE_PREFIX_HEADER = YES;
				GCC_PREFIX_HEADER = Prefix.pch;
				GCC_PREPROCESSOR_DEFINITIONS = (
					"DEBUG=1",
					"$(inherited)",
				);
				GCC_SYMBOLS_PRIVATE_EXTERN = NO;
				INFOPLIST_FILE = Info.plist;
				INSTALL_PATH = "$(HOME)/Applications";
				OTHER_LDFLAGS = (
					"$(ROOT_REPO_PATH)/lib/macosx/$(CONFIGURATION)/libcinder-view.a",
					"$(CINDER_PATH)/lib/libcinder_d.a",
				);
				PRODUCT_NAME = ViewTests;
				SYMROOT = ./build;
				WRAPPER_EXTENSION = app;
			};
			name = Debug;
		};
		C01FCF4C08A954540054247B /* Release */ = {
			isa = XCBuildConfiguration;
			buildSettings = {
				COMBINE_HIDPI_IMAGES = YES;
				DEAD_CODE_STRIPPING = YES;
				DEBUG_INFORMATION_FORMAT = "dwarf-with-dsym";
				GCC_FAST_MATH = YES;
				GCC_GENERATE_DEBUGGING_SYMBOLS = NO;
				GCC_INLINES_ARE_PRIVATE_EXTERN = YES;
				GCC_OPTIMIZATION_LEVEL = 3;
				GCC_PRECOMPILE_PREFIX_HEADER = YES;
				GCC_PREFIX_HEADER = Prefix.pch;
				GCC_PREPROCESSOR_DEFINITIONS = NDEBUG;
				GCC_SYMBOLS_PRIVATE_EXTERN = NO;
				INFOPLIST_FILE = Info.plist;
				INSTALL_PATH = "$(HOME)/Applications";
				OTHER_LDFLAGS = (
					"$(ROOT_REPO_PATH)/lib/macosx/$(CONFIGURATION)/libcinder-view.a",
					"$(CINDER_PATH)/lib/libcinder.a",
				);
				PRODUCT_NAME = ViewTests;
				STRIP_INSTALLED_PRODUCT = YES;
				SYMROOT = ./build;
				WRAPPER_EXTENSION = app;
			};
			name = Release;
		};
		C01FCF4F08A954540054247B /* Debug */ = {
			isa = XCBuildConfiguration;
			buildSettings = {
				ALWAYS_SEARCH_USER_PATHS = NO;
				CINDER_PATH = "$(ROOT_REPO_PATH)/../../cinder";
				CLANG_CXX_LANGUAGE_STANDARD = "c++14";
				CLANG_CXX_LIBRARY = "libc++";
				GCC_WARN_ABOUT_RETURN_TYPE = YES;
				GCC_WARN_UNUSED_VARIABLE = YES;
				HEADER_SEARCH_PATHS = "$(CINDER_PATH)/include";
				MACOSX_DEPLOYMENT_TARGET = 10.9;
				ROOT_REPO_PATH = ../..;
				SDKROOT = macosx;
				USER_HEADER_SEARCH_PATHS = "../src $(ROOT_REPO_PATH)/src $(CINDER_PATH)/include";
			};
			name = Debug;
		};
		C01FCF5008A954540054247B /* Release */ = {
			isa = XCBuildConfiguration;
			buildSettings = {
				ALWAYS_SEARCH_USER_PATHS = NO;
				CINDER_PATH = "$(ROOT_REPO_PATH)/../../cinder";
				CLANG_CXX_LANGUAGE_STANDARD = "c++14";
				CLANG_CXX_LIBRARY = "libc++";
				GCC_WARN_ABOUT_RETURN_TYPE = YES;
				GCC_WARN_UNUSED_VARIABLE = YES;
				HEADER_SEARCH_PATHS = "$(CINDER_PATH)/include";
				MACOSX_DEPLOYMENT_TARGET = 10.9;
				ROOT_REPO_PATH = ../..;
				SDKROOT = macosx;
				USER_HEADER_SEARCH_PATHS = "../src $(ROOT_REPO_PATH)/src $(CINDER_PATH)/include";
			};
			name = Release;
		};
/* End XCBuildConfiguration section */

/* Begin XCConfigurationList section */
		C01FCF4A08A954540054247B /* Build configuration list for PBXNativeTarget "ViewTests" */ = {
			isa = XCConfigurationList;
			buildConfigurations = (
				C01FCF4B08A954540054247B /* Debug */,
				C01FCF4C08A954540054247B /* Release */,
			);
			defaultConfigurationIsVisible = 0;
			defaultConfigurationName = Release;
		};
		C01FCF4E08A954540054247B /* Build configuration list for PBXProject "ViewTests" */ = {
			isa = XCConfigurationList;
			buildConfigurations = (
				C01FCF4F08A954540054247B /* Debug */,
				C01FCF5008A954540054247B /* Release */,
			);
			defaultConfigurationIsVisible = 0;
			defaultConfigurationName = Release;
		};
/* End XCConfigurationList section */
	};
	rootObject = 29B97313FDCFA39411CA2CEA /* Project object */;
}
