<?xml version="1.0" encoding="utf-8"?>
<Project ToolsVersion="4.0" xmlns="http://schemas.microsoft.com/developer/msbuild/2003">
  <ItemGroup>
    <Filter Include="src">
      <UniqueIdentifier>{75948ecc-ffb9-497d-ae36-2d0056feafe2}</UniqueIdentifier>
    </Filter>
    <Filter Include="src\ui">
      <UniqueIdentifier>{6f812af9-56ac-4cd3-8fde-b18c3111bea8}</UniqueIdentifier>
    </Filter>
    <Filter Include="src\mason">
      <UniqueIdentifier>{626b98ae-e717-483d-b53e-362be5f41d79}</UniqueIdentifier>
    </Filter>
    <Filter Include="src\fmt">
      <UniqueIdentifier>{df61c0df-f7b2-46fd-9c08-049877f01376}</UniqueIdentifier>
    </Filter>
  </ItemGroup>
  <ItemGroup>
    <ClCompile Include="..\..\src\ui\Button.cpp">
      <Filter>src\ui</Filter>
    </ClCompile>
    <ClCompile Include="..\..\src\ui\Control.cpp">
      <Filter>src\ui</Filter>
    </ClCompile>
    <ClCompile Include="..\..\src\ui\Graph.cpp">
      <Filter>src\ui</Filter>
    </ClCompile>
    <ClCompile Include="..\..\src\ui\Image.cpp">
      <Filter>src\ui</Filter>
    </ClCompile>
    <ClCompile Include="..\..\src\ui\ImageView.cpp">
      <Filter>src\ui</Filter>
    </ClCompile>
    <ClCompile Include="..\..\src\ui\Interface3d.cpp">
      <Filter>src\ui</Filter>
    </ClCompile>
    <ClCompile Include="..\..\src\ui\Label.cpp">
      <Filter>src\ui</Filter>
    </ClCompile>
    <ClCompile Include="..\..\src\ui\Layer.cpp">
      <Filter>src\ui</Filter>
    </ClCompile>
    <ClCompile Include="..\..\src\ui\Renderer.cpp">
      <Filter>src\ui</Filter>
    </ClCompile>
    <ClCompile Include="..\..\src\ui\ScrollView.cpp">
      <Filter>src\ui</Filter>
    </ClCompile>
    <ClCompile Include="..\..\src\ui\Selector.cpp">
      <Filter>src\ui</Filter>
    </ClCompile>
    <ClCompile Include="..\..\src\ui\Slider.cpp">
      <Filter>src\ui</Filter>
    </ClCompile>
    <ClCompile Include="..\..\src\ui\Suite.cpp">
      <Filter>src\ui</Filter>
    </ClCompile>
    <ClCompile Include="..\..\src\ui\TextManager.cpp">
      <Filter>src\ui</Filter>
    </ClCompile>
    <ClCompile Include="..\..\src\ui\View.cpp">
      <Filter>src\ui</Filter>
    </ClCompile>
    <ClCompile Include="..\..\src\ui\Filter.cpp">
      <Filter>src\ui</Filter>
    </ClCompile>
    <ClCompile Include="..\..\src\ui\Layout.cpp">
      <Filter>src\ui</Filter>
    </ClCompile>
    <ClCompile Include="..\..\src\fmt\format.cc">
      <Filter>src\fmt</Filter>
    </ClCompile>
  </ItemGroup>
  <ItemGroup>
    <ClInclude Include="..\..\src\ui\Button.h">
      <Filter>src\ui</Filter>
    </ClInclude>
    <ClInclude Include="..\..\src\ui\Control.h">
      <Filter>src\ui</Filter>
    </ClInclude>
    <ClInclude Include="..\..\src\ui\Graph.h">
      <Filter>src\ui</Filter>
    </ClInclude>
    <ClInclude Include="..\..\src\ui\Image.h">
      <Filter>src\ui</Filter>
    </ClInclude>
    <ClInclude Include="..\..\src\ui\ImageView.h">
      <Filter>src\ui</Filter>
    </ClInclude>
    <ClInclude Include="..\..\src\ui\Interface3d.h">
      <Filter>src\ui</Filter>
    </ClInclude>
    <ClInclude Include="..\..\src\ui\Label.h">
      <Filter>src\ui</Filter>
    </ClInclude>
    <ClInclude Include="..\..\src\ui\Layer.h">
      <Filter>src\ui</Filter>
    </ClInclude>
    <ClInclude Include="..\..\src\ui\Renderer.h">
      <Filter>src\ui</Filter>
    </ClInclude>
    <ClInclude Include="..\..\src\ui\ScrollView.h">
      <Filter>src\ui</Filter>
    </ClInclude>
    <ClInclude Include="..\..\src\ui\Selector.h">
      <Filter>src\ui</Filter>
    </ClInclude>
    <ClInclude Include="..\..\src\ui\Slider.h">
      <Filter>src\ui</Filter>
    </ClInclude>
    <ClInclude Include="..\..\src\ui\Suite.h">
      <Filter>src\ui</Filter>
    </ClInclude>
    <ClInclude Include="..\..\src\ui\TextManager.h">
      <Filter>src\ui</Filter>
    </ClInclude>
    <ClInclude Include="..\..\src\ui\ui.h">
      <Filter>src\ui</Filter>
    </ClInclude>
    <ClInclude Include="..\..\src\ui\View.h">
      <Filter>src\ui</Filter>
    </ClInclude>
    <ClInclude Include="..\..\src\mason\Factory.h">
      <Filter>src\mason</Filter>
    </ClInclude>
    <ClInclude Include="..\..\src\ui\Filter.h">
      <Filter>src\ui</Filter>
    </ClInclude>
    <ClInclude Include="..\..\src\ui\Layout.h">
      <Filter>src\ui</Filter>
    </ClInclude>
    <ClInclude Include="..\..\src\ui\Export.h">
      <Filter>src\ui</Filter>
    </ClInclude>
    <ClInclude Include="..\..\src\fmt\format.h">
      <Filter>src\fmt</Filter>
    </ClInclude>
  </ItemGroup>
</Project>