<?xml version="1.0" encoding="utf-8"?>
<Project ToolsVersion="4.0" xmlns="http://schemas.microsoft.com/developer/msbuild/2003">
  <ItemGroup>
    <Filter Include="Source Files">
      <UniqueIdentifier>{4FC737F1-C7A5-4376-A066-2A32D752A2FF}</UniqueIdentifier>
      <Extensions>cpp;c;cc;cxx;def;odl;idl;hpj;bat;asm;asmx</Extensions>
    </Filter>
    <Filter Include="Source Files\cppformat">
      <UniqueIdentifier>{2612c851-c369-4a9b-8740-37238da354d4}</UniqueIdentifier>
    </Filter>
    <Filter Include="Source Files\mason">
      <UniqueIdentifier>{2d300eea-82a4-4b03-8d92-34015031318b}</UniqueIdentifier>
    </Filter>
    <Filter Include="Source Files\ui">
      <UniqueIdentifier>{a50e8282-81b9-4ae5-b7ea-cf2116f24568}</UniqueIdentifier>
    </Filter>
  </ItemGroup>
  <ItemGroup>
    <ClCompile Include="..\src\cppformat\format.cc">
      <Filter>Source Files\cppformat</Filter>
    </ClCompile>
    <ClCompile Include="..\src\ui\Button.cpp">
      <Filter>Source Files\ui</Filter>
    </ClCompile>
    <ClCompile Include="..\src\ui\Control.cpp">
      <Filter>Source Files\ui</Filter>
    </ClCompile>
    <ClCompile Include="..\src\ui\Graph.cpp">
      <Filter>Source Files\ui</Filter>
    </ClCompile>
    <ClCompile Include="..\src\ui\Image.cpp">
      <Filter>Source Files\ui</Filter>
    </ClCompile>
    <ClCompile Include="..\src\ui\ImageView.cpp">
      <Filter>Source Files\ui</Filter>
    </ClCompile>
    <ClCompile Include="..\src\ui\Interface3d.cpp">
      <Filter>Source Files\ui</Filter>
    </ClCompile>
    <ClCompile Include="..\src\ui\Label.cpp">
      <Filter>Source Files\ui</Filter>
    </ClCompile>
    <ClCompile Include="..\src\ui\Layer.cpp">
      <Filter>Source Files\ui</Filter>
    </ClCompile>
    <ClCompile Include="..\src\ui\Renderer.cpp">
      <Filter>Source Files\ui</Filter>
    </ClCompile>
    <ClCompile Include="..\src\ui\ScrollView.cpp">
      <Filter>Source Files\ui</Filter>
    </ClCompile>
    <ClCompile Include="..\src\ui\Selector.cpp">
      <Filter>Source Files\ui</Filter>
    </ClCompile>
    <ClCompile Include="..\src\ui\Slider.cpp">
      <Filter>Source Files\ui</Filter>
    </ClCompile>
    <ClCompile Include="..\src\ui\Suite.cpp">
      <Filter>Source Files\ui</Filter>
    </ClCompile>
    <ClCompile Include="..\src\ui\TextManager.cpp">
      <Filter>Source Files\ui</Filter>
    </ClCompile>
    <ClCompile Include="..\src\ui\View.cpp">
      <Filter>Source Files\ui</Filter>
    </ClCompile>
    <ClCompile Include="..\src\ui\Filter.cpp">
      <Filter>Source Files\ui</Filter>
    </ClCompile>
  </ItemGroup>
  <ItemGroup>
    <ClInclude Include="..\src\cppformat\format.h">
      <Filter>Source Files\cppformat</Filter>
    </ClInclude>
    <ClInclude Include="..\src\mason\Factory.h">
      <Filter>Source Files\mason</Filter>
    </ClInclude>
    <ClInclude Include="..\src\ui\Button.h">
      <Filter>Source Files\ui</Filter>
    </ClInclude>
    <ClInclude Include="..\src\ui\Control.h">
      <Filter>Source Files\ui</Filter>
    </ClInclude>
    <ClInclude Include="..\src\ui\Graph.h">
      <Filter>Source Files\ui</Filter>
    </ClInclude>
    <ClInclude Include="..\src\ui\Image.h">
      <Filter>Source Files\ui</Filter>
    </ClInclude>
    <ClInclude Include="..\src\ui\ImageView.h">
      <Filter>Source Files\ui</Filter>
    </ClInclude>
    <ClInclude Include="..\src\ui\Interface3d.h">
      <Filter>Source Files\ui</Filter>
    </ClInclude>
    <ClInclude Include="..\src\ui\Label.h">
      <Filter>Source Files\ui</Filter>
    </ClInclude>
    <ClInclude Include="..\src\ui\Layer.h">
      <Filter>Source Files\ui</Filter>
    </ClInclude>
    <ClInclude Include="..\src\ui\Renderer.h">
      <Filter>Source Files\ui</Filter>
    </ClInclude>
    <ClInclude Include="..\src\ui\ScrollView.h">
      <Filter>Source Files\ui</Filter>
    </ClInclude>
    <ClInclude Include="..\src\ui\Selector.h">
      <Filter>Source Files\ui</Filter>
    </ClInclude>
    <ClInclude Include="..\src\ui\Slider.h">
      <Filter>Source Files\ui</Filter>
    </ClInclude>
    <ClInclude Include="..\src\ui\Suite.h">
      <Filter>Source Files\ui</Filter>
    </ClInclude>
    <ClInclude Include="..\src\ui\TextManager.h">
      <Filter>Source Files\ui</Filter>
    </ClInclude>
    <ClInclude Include="..\src\ui\ui.h">
      <Filter>Source Files\ui</Filter>
    </ClInclude>
    <ClInclude Include="..\src\ui\View.h">
      <Filter>Source Files\ui</Filter>
    </ClInclude>
    <ClInclude Include="..\src\ui\Filter.h">
      <Filter>Source Files\ui</Filter>
    </ClInclude>
  </ItemGroup>
</Project>