<?xml version="1.0" encoding="utf-8"?>
<Project ToolsVersion="4.0" xmlns="http://schemas.microsoft.com/developer/msbuild/2003">
  <ItemGroup>
    <Filter Include="Resource Files">
      <UniqueIdentifier>{67DA6AB6-F800-4c08-8B7A-83BB121AAD01}</UniqueIdentifier>
      <Extensions>rc;ico;cur;bmp;dlg;rc2;rct;bin;rgs;gif;jpg;jpeg;jpe;resx;tiff;tif;png;wav</Extensions>
    </Filter>
    <Filter Include="src">
      <UniqueIdentifier>{2addead3-b73b-4da4-b1e5-94023a66d44c}</UniqueIdentifier>
    </Filter>
  </ItemGroup>
  <ItemGroup>
    <ResourceCompile Include="Resources.rc">
      <Filter>Resource Files</Filter>
    </ResourceCompile>
  </ItemGroup>
  <ItemGroup>
    <ClCompile Include="..\..\src\ViewTestsApp.cpp">
      <Filter>src</Filter>
    </ClCompile>
    <ClCompile Include="..\..\src\BasicViewTests.cpp">
      <Filter>src</Filter>
    </ClCompile>
    <ClCompile Include="..\..\src\CompositingTest.cpp">
      <Filter>src</Filter>
    </ClCompile>
    <ClCompile Include="..\..\src\ControlsTest.cpp">
      <Filter>src</Filter>
    </ClCompile>
    <ClCompile Include="..\..\src\FilterTest.cpp">
      <Filter>src</Filter>
    </ClCompile>
    <ClCompile Include="..\..\src\LayoutTests.cpp">
      <Filter>src</Filter>
    </ClCompile>
    <ClCompile Include="..\..\src\MultiTouchTest.cpp">
      <Filter>src</Filter>
    </ClCompile>
    <ClCompile Include="..\..\src\ScrollTests.cpp">
      <Filter>src</Filter>
    </ClCompile>
  </ItemGroup>
  <ItemGroup>
    <ClInclude Include="..\..\src\BasicViewTests.h">
      <Filter>src</Filter>
    </ClInclude>
    <ClInclude Include="..\..\src\CompositingTest.h">
      <Filter>src</Filter>
    </ClInclude>
    <ClInclude Include="..\..\src\ControlsTest.h">
      <Filter>src</Filter>
    </ClInclude>
    <ClInclude Include="..\..\src\FilterTest.h">
      <Filter>src</Filter>
    </ClInclude>
    <ClInclude Include="..\..\src\LayoutTests.h">
      <Filter>src</Filter>
    </ClInclude>
    <ClInclude Include="..\..\src\MultiTouchTest.h">
      <Filter>src</Filter>
    </ClInclude>
    <ClInclude Include="..\..\src\ScrollTests.h">
      <Filter>src</Filter>
    </ClInclude>
  </ItemGroup>
</Project>