<?xml version="1.0" encoding="utf-8"?>
<Project ToolsVersion="4.0" xmlns="http://schemas.microsoft.com/developer/msbuild/2003">
  <ItemGroup>
    <Filter Include="ui">
      <UniqueIdentifier>{88443c1c-019f-4b23-9761-6f83c5fd78af}</UniqueIdentifier>
    </Filter>
    <Filter Include="cppformat">
      <UniqueIdentifier>{718527ff-eec2-496c-9119-9da2f61bfa14}</UniqueIdentifier>
    </Filter>
    <Filter Include="mason">
      <UniqueIdentifier>{caeded59-0b9a-463f-9b35-4f82ed136f1c}</UniqueIdentifier>
    </Filter>
  </ItemGroup>
  <ItemGroup>
    <ClCompile Include="..\..\src\ui\Button.cpp">
      <Filter>ui</Filter>
    </ClCompile>
    <ClCompile Include="..\..\src\ui\Control.cpp">
      <Filter>ui</Filter>
    </ClCompile>
    <ClCompile Include="..\..\src\ui\Filter.cpp">
      <Filter>ui</Filter>
    </ClCompile>
    <ClCompile Include="..\..\src\ui\Graph.cpp">
      <Filter>ui</Filter>
    </ClCompile>
    <ClCompile Include="..\..\src\ui\Image.cpp">
      <Filter>ui</Filter>
    </ClCompile>
    <ClCompile Include="..\..\src\ui\ImageView.cpp">
      <Filter>ui</Filter>
    </ClCompile>
    <ClCompile Include="..\..\src\ui\Interface3d.cpp">
      <Filter>ui</Filter>
    </ClCompile>
    <ClCompile Include="..\..\src\ui\Label.cpp">
      <Filter>ui</Filter>
    </ClCompile>
    <ClCompile Include="..\..\src\ui\Layer.cpp">
      <Filter>ui</Filter>
    </ClCompile>
    <ClCompile Include="..\..\src\ui\Layout.cpp">
      <Filter>ui</Filter>
    </ClCompile>
    <ClCompile Include="..\..\src\ui\Renderer.cpp">
      <Filter>ui</Filter>
    </ClCompile>
    <ClCompile Include="..\..\src\ui\ScrollView.cpp">
      <Filter>ui</Filter>
    </ClCompile>
    <ClCompile Include="..\..\src\ui\Selector.cpp">
      <Filter>ui</Filter>
    </ClCompile>
    <ClCompile Include="..\..\src\ui\Slider.cpp">
      <Filter>ui</Filter>
    </ClCompile>
    <ClCompile Include="..\..\src\ui\Suite.cpp">
      <Filter>ui</Filter>
    </ClCompile>
    <ClCompile Include="..\..\src\ui\TextManager.cpp">
      <Filter>ui</Filter>
    </ClCompile>
    <ClCompile Include="..\..\src\ui\View.cpp">
      <Filter>ui</Filter>
    </ClCompile>
    <ClCompile Include="..\..\src\cppformat\format.cc">
      <Filter>cppformat</Filter>
    </ClCompile>
  </ItemGroup>
  <ItemGroup>
    <ClInclude Include="..\..\src\ui\Button.h">
      <Filter>ui</Filter>
    </ClInclude>
    <ClInclude Include="..\..\src\ui\Control.h">
      <Filter>ui</Filter>
    </ClInclude>
    <ClInclude Include="..\..\src\ui\Filter.h">
      <Filter>ui</Filter>
    </ClInclude>
    <ClInclude Include="..\..\src\ui\Graph.h">
      <Filter>ui</Filter>
    </ClInclude>
    <ClInclude Include="..\..\src\ui\Image.h">
      <Filter>ui</Filter>
    </ClInclude>
    <ClInclude Include="..\..\src\ui\ImageView.h">
      <Filter>ui</Filter>
    </ClInclude>
    <ClInclude Include="..\..\src\ui\Interface3d.h">
      <Filter>ui</Filter>
    </ClInclude>
    <ClInclude Include="..\..\src\ui\Label.h">
      <Filter>ui</Filter>
    </ClInclude>
    <ClInclude Include="..\..\src\ui\Layer.h">
      <Filter>ui</Filter>
    </ClInclude>
    <ClInclude Include="..\..\src\ui\Layout.h">
      <Filter>ui</Filter>
    </ClInclude>
    <ClInclude Include="..\..\src\ui\Renderer.h">
      <Filter>ui</Filter>
    </ClInclude>
    <ClInclude Include="..\..\src\ui\ScrollView.h">
      <Filter>ui</Filter>
    </ClInclude>
    <ClInclude Include="..\..\src\ui\Selector.h">
      <Filter>ui</Filter>
    </ClInclude>
    <ClInclude Include="..\..\src\ui\Slider.h">
      <Filter>ui</Filter>
    </ClInclude>
    <ClInclude Include="..\..\src\ui\Suite.h">
      <Filter>ui</Filter>
    </ClInclude>
    <ClInclude Include="..\..\src\ui\TextManager.h">
      <Filter>ui</Filter>
    </ClInclude>
    <ClInclude Include="..\..\src\ui\ui.h">
      <Filter>ui</Filter>
    </ClInclude>
    <ClInclude Include="..\..\src\ui\View.h">
      <Filter>ui</Filter>
    </ClInclude>
    <ClInclude Include="..\..\src\mason\Factory.h">
      <Filter>mason</Filter>
    </ClInclude>
    <ClInclude Include="..\..\src\cppformat\format.h">
      <Filter>cppformat</Filter>
    </ClInclude>
  </ItemGroup>
</Project>