// !$*UTF8*$!
{
	archiveVersion = 1;
	classes = {
	};
	objectVersion = 46;
	objects = {

/* Begin PBXBuildFile section */
		1146C15E1C07263400434C81 /* Button.cpp in Sources */ = {isa = PBXBuildFile; fileRef = 1146C1481C07263400434C81 /* Button.cpp */; };
		1146C15F1C07263400434C81 /* Button.cpp in Sources */ = {isa = PBXBuildFile; fileRef = 1146C1481C07263400434C81 /* Button.cpp */; };
		1146C1601C07263400434C81 /* Button.h in Headers */ = {isa = PBXBuildFile; fileRef = 1146C1491C07263400434C81 /* Button.h */; };
		1146C1611C07263400434C81 /* Button.h in Headers */ = {isa = PBXBuildFile; fileRef = 1146C1491C07263400434C81 /* Button.h */; };
		1146C1621C07263400434C81 /* Control.cpp in Sources */ = {isa = PBXBuildFile; fileRef = 1146C14A1C07263400434C81 /* Control.cpp */; };
		1146C1631C07263400434C81 /* Control.cpp in Sources */ = {isa = PBXBuildFile; fileRef = 1146C14A1C07263400434C81 /* Control.cpp */; };
		1146C1641C07263400434C81 /* Control.h in Headers */ = {isa = PBXBuildFile; fileRef = 1146C14B1C07263400434C81 /* Control.h */; };
		1146C1651C07263400434C81 /* Control.h in Headers */ = {isa = PBXBuildFile; fileRef = 1146C14B1C07263400434C81 /* Control.h */; };
		1146C1661C07263400434C81 /* ImageView.cpp in Sources */ = {isa = PBXBuildFile; fileRef = 1146C14C1C07263400434C81 /* ImageView.cpp */; };
		1146C1671C07263400434C81 /* ImageView.cpp in Sources */ = {isa = PBXBuildFile; fileRef = 1146C14C1C07263400434C81 /* ImageView.cpp */; };
		1146C1681C07263400434C81 /* ImageView.h in Headers */ = {isa = PBXBuildFile; fileRef = 1146C14D1C07263400434C81 /* ImageView.h */; };
		1146C1691C07263400434C81 /* ImageView.h in Headers */ = {isa = PBXBuildFile; fileRef = 1146C14D1C07263400434C81 /* ImageView.h */; };
		1146C16A1C07263400434C81 /* Interface3d.cpp in Sources */ = {isa = PBXBuildFile; fileRef = 1146C14E1C07263400434C81 /* Interface3d.cpp */; };
		1146C16B1C07263400434C81 /* Interface3d.cpp in Sources */ = {isa = PBXBuildFile; fileRef = 1146C14E1C07263400434C81 /* Interface3d.cpp */; };
		1146C16C1C07263400434C81 /* Interface3d.h in Headers */ = {isa = PBXBuildFile; fileRef = 1146C14F1C07263400434C81 /* Interface3d.h */; };
		1146C16D1C07263400434C81 /* Interface3d.h in Headers */ = {isa = PBXBuildFile; fileRef = 1146C14F1C07263400434C81 /* Interface3d.h */; };
		1146C16E1C07263400434C81 /* Label.cpp in Sources */ = {isa = PBXBuildFile; fileRef = 1146C1501C07263400434C81 /* Label.cpp */; };
		1146C16F1C07263400434C81 /* Label.cpp in Sources */ = {isa = PBXBuildFile; fileRef = 1146C1501C07263400434C81 /* Label.cpp */; };
		1146C1701C07263400434C81 /* Label.h in Headers */ = {isa = PBXBuildFile; fileRef = 1146C1511C07263400434C81 /* Label.h */; };
		1146C1711C07263400434C81 /* Label.h in Headers */ = {isa = PBXBuildFile; fileRef = 1146C1511C07263400434C81 /* Label.h */; };
		1146C1721C07263400434C81 /* ScrollView.cpp in Sources */ = {isa = PBXBuildFile; fileRef = 1146C1521C07263400434C81 /* ScrollView.cpp */; };
		1146C1731C07263400434C81 /* ScrollView.cpp in Sources */ = {isa = PBXBuildFile; fileRef = 1146C1521C07263400434C81 /* ScrollView.cpp */; };
		1146C1741C07263400434C81 /* ScrollView.h in Headers */ = {isa = PBXBuildFile; fileRef = 1146C1531C07263400434C81 /* ScrollView.h */; };
		1146C1751C07263400434C81 /* ScrollView.h in Headers */ = {isa = PBXBuildFile; fileRef = 1146C1531C07263400434C81 /* ScrollView.h */; };
		1146C1761C07263400434C81 /* Selector.cpp in Sources */ = {isa = PBXBuildFile; fileRef = 1146C1541C07263400434C81 /* Selector.cpp */; };
		1146C1771C07263400434C81 /* Selector.cpp in Sources */ = {isa = PBXBuildFile; fileRef = 1146C1541C07263400434C81 /* Selector.cpp */; };
		1146C1781C07263400434C81 /* Selector.h in Headers */ = {isa = PBXBuildFile; fileRef = 1146C1551C07263400434C81 /* Selector.h */; };
		1146C1791C07263400434C81 /* Selector.h in Headers */ = {isa = PBXBuildFile; fileRef = 1146C1551C07263400434C81 /* Selector.h */; };
		1146C17A1C07263400434C81 /* Slider.cpp in Sources */ = {isa = PBXBuildFile; fileRef = 1146C1561C07263400434C81 /* Slider.cpp */; };
		1146C17B1C07263400434C81 /* Slider.cpp in Sources */ = {isa = PBXBuildFile; fileRef = 1146C1561C07263400434C81 /* Slider.cpp */; };
		1146C17C1C07263400434C81 /* Slider.h in Headers */ = {isa = PBXBuildFile; fileRef = 1146C1571C07263400434C81 /* Slider.h */; };
		1146C17D1C07263400434C81 /* Slider.h in Headers */ = {isa = PBXBuildFile; fileRef = 1146C1571C07263400434C81 /* Slider.h */; };
		1146C17E1C07263400434C81 /* Suite.cpp in Sources */ = {isa = PBXBuildFile; fileRef = 1146C1581C07263400434C81 /* Suite.cpp */; };
		1146C17F1C07263400434C81 /* Suite.cpp in Sources */ = {isa = PBXBuildFile; fileRef = 1146C1581C07263400434C81 /* Suite.cpp */; };
		1146C1801C07263400434C81 /* Suite.h in Headers */ = {isa = PBXBuildFile; fileRef = 1146C1591C07263400434C81 /* Suite.h */; };
		1146C1811C07263400434C81 /* Suite.h in Headers */ = {isa = PBXBuildFile; fileRef = 1146C1591C07263400434C81 /* Suite.h */; };
		1146C1821C07263400434C81 /* TextManager.cpp in Sources */ = {isa = PBXBuildFile; fileRef = 1146C15A1C07263400434C81 /* TextManager.cpp */; };
		1146C1831C07263400434C81 /* TextManager.cpp in Sources */ = {isa = PBXBuildFile; fileRef = 1146C15A1C07263400434C81 /* TextManager.cpp */; };
		1146C1841C07263400434C81 /* TextManager.h in Headers */ = {isa = PBXBuildFile; fileRef = 1146C15B1C07263400434C81 /* TextManager.h */; };
		1146C1851C07263400434C81 /* TextManager.h in Headers */ = {isa = PBXBuildFile; fileRef = 1146C15B1C07263400434C81 /* TextManager.h */; };
		1146C1861C07263400434C81 /* View.cpp in Sources */ = {isa = PBXBuildFile; fileRef = 1146C15C1C07263400434C81 /* View.cpp */; };
		1146C1871C07263400434C81 /* View.cpp in Sources */ = {isa = PBXBuildFile; fileRef = 1146C15C1C07263400434C81 /* View.cpp */; };
		1146C1881C07263400434C81 /* View.h in Headers */ = {isa = PBXBuildFile; fileRef = 1146C15D1C07263400434C81 /* View.h */; };
		1146C1891C07263400434C81 /* View.h in Headers */ = {isa = PBXBuildFile; fileRef = 1146C15D1C07263400434C81 /* View.h */; };
		114F650A1BE0A512000CE3EE /* Factory.h in Headers */ = {isa = PBXBuildFile; fileRef = 114F65051BE0A512000CE3EE /* Factory.h */; };
		114F650B1BE0A512000CE3EE /* Factory.h in Headers */ = {isa = PBXBuildFile; fileRef = 114F65051BE0A512000CE3EE /* Factory.h */; };
		114F650D1BE0A512000CE3EE /* format.cc in Sources */ = {isa = PBXBuildFile; fileRef = 114F65071BE0A512000CE3EE /* format.cc */; };
		114F650E1BE0A512000CE3EE /* format.h in Headers */ = {isa = PBXBuildFile; fileRef = 114F65081BE0A512000CE3EE /* format.h */; };
		114F650F1BE0A512000CE3EE /* format.h in Headers */ = {isa = PBXBuildFile; fileRef = 114F65081BE0A512000CE3EE /* format.h */; };
		114F65111BE0AA0B000CE3EE /* format.cc in Sources */ = {isa = PBXBuildFile; fileRef = 114F65071BE0A512000CE3EE /* format.cc */; };
/* End PBXBuildFile section */

/* Begin PBXFileReference section */
		1104F3C917753F10003EAA2B /* libcinder-view.a */ = {isa = PBXFileReference; explicitFileType = archive.ar; includeInIndex = 0; path = "libcinder-view.a"; sourceTree = BUILT_PRODUCTS_DIR; };
		1104F3CC17753F10003EAA2B /* Cocoa.framework */ = {isa = PBXFileReference; lastKnownFileType = wrapper.framework; name = Cocoa.framework; path = System/Library/Frameworks/Cocoa.framework; sourceTree = SDKROOT; };
		1104F3CF17753F10003EAA2B /* Foundation.framework */ = {isa = PBXFileReference; lastKnownFileType = wrapper.framework; name = Foundation.framework; path = System/Library/Frameworks/Foundation.framework; sourceTree = SDKROOT; };
		1146C1481C07263400434C81 /* Button.cpp */ = {isa = PBXFileReference; fileEncoding = 4; lastKnownFileType = sourcecode.cpp.cpp; path = Button.cpp; sourceTree = "<group>"; };
		1146C1491C07263400434C81 /* Button.h */ = {isa = PBXFileReference; fileEncoding = 4; lastKnownFileType = sourcecode.c.h; path = Button.h; sourceTree = "<group>"; };
		1146C14A1C07263400434C81 /* Control.cpp */ = {isa = PBXFileReference; fileEncoding = 4; lastKnownFileType = sourcecode.cpp.cpp; path = Control.cpp; sourceTree = "<group>"; };
		1146C14B1C07263400434C81 /* Control.h */ = {isa = PBXFileReference; fileEncoding = 4; lastKnownFileType = sourcecode.c.h; path = Control.h; sourceTree = "<group>"; };
		1146C14C1C07263400434C81 /* ImageView.cpp */ = {isa = PBXFileReference; fileEncoding = 4; lastKnownFileType = sourcecode.cpp.cpp; path = ImageView.cpp; sourceTree = "<group>"; };
		1146C14D1C07263400434C81 /* ImageView.h */ = {isa = PBXFileReference; fileEncoding = 4; lastKnownFileType = sourcecode.c.h; path = ImageView.h; sourceTree = "<group>"; };
		1146C14E1C07263400434C81 /* Interface3d.cpp */ = {isa = PBXFileReference; fileEncoding = 4; lastKnownFileType = sourcecode.cpp.cpp; path = Interface3d.cpp; sourceTree = "<group>"; };
		1146C14F1C07263400434C81 /* Interface3d.h */ = {isa = PBXFileReference; fileEncoding = 4; lastKnownFileType = sourcecode.c.h; path = Interface3d.h; sourceTree = "<group>"; };
		1146C1501C07263400434C81 /* Label.cpp */ = {isa = PBXFileReference; fileEncoding = 4; lastKnownFileType = sourcecode.cpp.cpp; path = Label.cpp; sourceTree = "<group>"; };
		1146C1511C07263400434C81 /* Label.h */ = {isa = PBXFileReference; fileEncoding = 4; lastKnownFileType = sourcecode.c.h; path = Label.h; sourceTree = "<group>"; };
		1146C1521C07263400434C81 /* ScrollView.cpp */ = {isa = PBXFileReference; fileEncoding = 4; lastKnownFileType = sourcecode.cpp.cpp; path = ScrollView.cpp; sourceTree = "<group>"; };
		1146C1531C07263400434C81 /* ScrollView.h */ = {isa = PBXFileReference; fileEncoding = 4; lastKnownFileType = sourcecode.c.h; path = ScrollView.h; sourceTree = "<group>"; };
		1146C1541C07263400434C81 /* Selector.cpp */ = {isa = PBXFileReference; fileEncoding = 4; lastKnownFileType = sourcecode.cpp.cpp; path = Selector.cpp; sourceTree = "<group>"; };
		1146C1551C07263400434C81 /* Selector.h */ = {isa = PBXFileReference; fileEncoding = 4; lastKnownFileType = sourcecode.c.h; path = Selector.h; sourceTree = "<group>"; };
		1146C1561C07263400434C81 /* Slider.cpp */ = {isa = PBXFileReference; fileEncoding = 4; lastKnownFileType = sourcecode.cpp.cpp; path = Slider.cpp; sourceTree = "<group>"; };
		1146C1571C07263400434C81 /* Slider.h */ = {isa = PBXFileReference; fileEncoding = 4; lastKnownFileType = sourcecode.c.h; path = Slider.h; sourceTree = "<group>"; };
		1146C1581C07263400434C81 /* Suite.cpp */ = {isa = PBXFileReference; fileEncoding = 4; lastKnownFileType = sourcecode.cpp.cpp; path = Suite.cpp; sourceTree = "<group>"; };
		1146C1591C07263400434C81 /* Suite.h */ = {isa = PBXFileReference; fileEncoding = 4; lastKnownFileType = sourcecode.c.h; path = Suite.h; sourceTree = "<group>"; };
		1146C15A1C07263400434C81 /* TextManager.cpp */ = {isa = PBXFileReference; fileEncoding = 4; lastKnownFileType = sourcecode.cpp.cpp; path = TextManager.cpp; sourceTree = "<group>"; };
		1146C15B1C07263400434C81 /* TextManager.h */ = {isa = PBXFileReference; fileEncoding = 4; lastKnownFileType = sourcecode.c.h; path = TextManager.h; sourceTree = "<group>"; };
		1146C15C1C07263400434C81 /* View.cpp */ = {isa = PBXFileReference; fileEncoding = 4; lastKnownFileType = sourcecode.cpp.cpp; path = View.cpp; sourceTree = "<group>"; };
		1146C15D1C07263400434C81 /* View.h */ = {isa = PBXFileReference; fileEncoding = 4; lastKnownFileType = sourcecode.c.h; path = View.h; sourceTree = "<group>"; };
		114F65051BE0A512000CE3EE /* Factory.h */ = {isa = PBXFileReference; fileEncoding = 4; lastKnownFileType = sourcecode.c.h; path = Factory.h; sourceTree = "<group>"; };
		114F65071BE0A512000CE3EE /* format.cc */ = {isa = PBXFileReference; fileEncoding = 4; lastKnownFileType = sourcecode.cpp.cpp; path = format.cc; sourceTree = "<group>"; };
		114F65081BE0A512000CE3EE /* format.h */ = {isa = PBXFileReference; fileEncoding = 4; lastKnownFileType = sourcecode.c.h; path = format.h; sourceTree = "<group>"; };
		11B0421C179B90450034BEE2 /* libcinder-view.a */ = {isa = PBXFileReference; explicitFileType = archive.ar; includeInIndex = 0; path = "libcinder-view.a"; sourceTree = BUILT_PRODUCTS_DIR; };
/* End PBXFileReference section */

/* Begin PBXFrameworksBuildPhase section */
		1104F3C617753F10003EAA2B /* Frameworks */ = {
			isa = PBXFrameworksBuildPhase;
			buildActionMask = 2147483647;
			files = (
			);
			runOnlyForDeploymentPostprocessing = 0;
		};
		11B04202179B90450034BEE2 /* Frameworks */ = {
			isa = PBXFrameworksBuildPhase;
			buildActionMask = 2147483647;
			files = (
			);
			runOnlyForDeploymentPostprocessing = 0;
		};
/* End PBXFrameworksBuildPhase section */

/* Begin PBXGroup section */
		1104F3C017753F10003EAA2B = {
			isa = PBXGroup;
			children = (
				1104F46017754A6E003EAA2B /* src */,
				1104F3CB17753F10003EAA2B /* Frameworks */,
				1104F3CA17753F10003EAA2B /* Products */,
			);
			sourceTree = "<group>";
		};
		1104F3CA17753F10003EAA2B /* Products */ = {
			isa = PBXGroup;
			children = (
				1104F3C917753F10003EAA2B /* libcinder-view.a */,
				11B0421C179B90450034BEE2 /* libcinder-view.a */,
			);
			name = Products;
			sourceTree = "<group>";
		};
		1104F3CB17753F10003EAA2B /* Frameworks */ = {
			isa = PBXGroup;
			children = (
				1104F3CC17753F10003EAA2B /* Cocoa.framework */,
				1104F3CE17753F10003EAA2B /* Other Frameworks */,
			);
			name = Frameworks;
			sourceTree = "<group>";
		};
		1104F3CE17753F10003EAA2B /* Other Frameworks */ = {
			isa = PBXGroup;
			children = (
				1104F3CF17753F10003EAA2B /* Foundation.framework */,
			);
			name = "Other Frameworks";
			sourceTree = "<group>";
		};
		1104F46017754A6E003EAA2B /* src */ = {
			isa = PBXGroup;
			children = (
				114F65061BE0A512000CE3EE /* cppformat */,
				114F65041BE0A512000CE3EE /* mason */,
				1146C1471C07263400434C81 /* ui */,
			);
			name = src;
			path = ../src;
			sourceTree = "<group>";
		};
		1146C1471C07263400434C81 /* ui */ = {
			isa = PBXGroup;
			children = (
				1146C1481C07263400434C81 /* Button.cpp */,
				1146C1491C07263400434C81 /* Button.h */,
				1146C14A1C07263400434C81 /* Control.cpp */,
				1146C14B1C07263400434C81 /* Control.h */,
				1146C14C1C07263400434C81 /* ImageView.cpp */,
				1146C14D1C07263400434C81 /* ImageView.h */,
				1146C14E1C07263400434C81 /* Interface3d.cpp */,
				1146C14F1C07263400434C81 /* Interface3d.h */,
				1146C1501C07263400434C81 /* Label.cpp */,
				1146C1511C07263400434C81 /* Label.h */,
				1146C1521C07263400434C81 /* ScrollView.cpp */,
				1146C1531C07263400434C81 /* ScrollView.h */,
				1146C1541C07263400434C81 /* Selector.cpp */,
				1146C1551C07263400434C81 /* Selector.h */,
				1146C1561C07263400434C81 /* Slider.cpp */,
				1146C1571C07263400434C81 /* Slider.h */,
				1146C1581C07263400434C81 /* Suite.cpp */,
				1146C1591C07263400434C81 /* Suite.h */,
				1146C15A1C07263400434C81 /* TextManager.cpp */,
				1146C15B1C07263400434C81 /* TextManager.h */,
				1146C15C1C07263400434C81 /* View.cpp */,
				1146C15D1C07263400434C81 /* View.h */,
			);
			path = ui;
			sourceTree = "<group>";
		};
		114F65041BE0A512000CE3EE /* mason */ = {
			isa = PBXGroup;
			children = (
				114F65051BE0A512000CE3EE /* Factory.h */,
			);
			path = mason;
			sourceTree = "<group>";
		};
		114F65061BE0A512000CE3EE /* cppformat */ = {
			isa = PBXGroup;
			children = (
				114F65071BE0A512000CE3EE /* format.cc */,
				114F65081BE0A512000CE3EE /* format.h */,
			);
			path = cppformat;
			sourceTree = "<group>";
		};
/* End PBXGroup section */

/* Begin PBXHeadersBuildPhase section */
		1104F3C717753F10003EAA2B /* Headers */ = {
			isa = PBXHeadersBuildPhase;
			buildActionMask = 2147483647;
			files = (
				1146C1881C07263400434C81 /* View.h in Headers */,
				1146C1641C07263400434C81 /* Control.h in Headers */,
				1146C1781C07263400434C81 /* Selector.h in Headers */,
				1146C1681C07263400434C81 /* ImageView.h in Headers */,
				1146C1841C07263400434C81 /* TextManager.h in Headers */,
				1146C1701C07263400434C81 /* Label.h in Headers */,
				114F650A1BE0A512000CE3EE /* Factory.h in Headers */,
				1146C1741C07263400434C81 /* ScrollView.h in Headers */,
				1146C16C1C07263400434C81 /* Interface3d.h in Headers */,
				114F650E1BE0A512000CE3EE /* format.h in Headers */,
				1146C1601C07263400434C81 /* Button.h in Headers */,
				1146C1801C07263400434C81 /* Suite.h in Headers */,
				1146C17C1C07263400434C81 /* Slider.h in Headers */,
			);
			runOnlyForDeploymentPostprocessing = 0;
		};
		11B04203179B90450034BEE2 /* Headers */ = {
			isa = PBXHeadersBuildPhase;
			buildActionMask = 2147483647;
			files = (
				1146C1891C07263400434C81 /* View.h in Headers */,
				1146C1651C07263400434C81 /* Control.h in Headers */,
				1146C1791C07263400434C81 /* Selector.h in Headers */,
				1146C1691C07263400434C81 /* ImageView.h in Headers */,
				1146C1851C07263400434C81 /* TextManager.h in Headers */,
				1146C1711C07263400434C81 /* Label.h in Headers */,
				114F650B1BE0A512000CE3EE /* Factory.h in Headers */,
				1146C1751C07263400434C81 /* ScrollView.h in Headers */,
				1146C16D1C07263400434C81 /* Interface3d.h in Headers */,
				114F650F1BE0A512000CE3EE /* format.h in Headers */,
				1146C1611C07263400434C81 /* Button.h in Headers */,
				1146C1811C07263400434C81 /* Suite.h in Headers */,
				1146C17D1C07263400434C81 /* Slider.h in Headers */,
			);
			runOnlyForDeploymentPostprocessing = 0;
		};
/* End PBXHeadersBuildPhase section */

/* Begin PBXNativeTarget section */
		1104F3C817753F10003EAA2B /* cinder-view-mac */ = {
			isa = PBXNativeTarget;
			buildConfigurationList = 1104F3ED17753F10003EAA2B /* Build configuration list for PBXNativeTarget "cinder-view-mac" */;
			buildPhases = (
				1104F3C517753F10003EAA2B /* Sources */,
				1104F3C617753F10003EAA2B /* Frameworks */,
				1104F3C717753F10003EAA2B /* Headers */,
			);
			buildRules = (
			);
			dependencies = (
			);
			name = "cinder-view-mac";
			productName = "cinder-viewMac";
			productReference = 1104F3C917753F10003EAA2B /* libcinder-view.a */;
			productType = "com.apple.product-type.library.static";
		};
		11B041F2179B90450034BEE2 /* cinder-view-ios */ = {
			isa = PBXNativeTarget;
			buildConfigurationList = 11B04219179B90450034BEE2 /* Build configuration list for PBXNativeTarget "cinder-view-ios" */;
			buildPhases = (
				11B041F3179B90450034BEE2 /* Sources */,
				11B04202179B90450034BEE2 /* Frameworks */,
				11B04203179B90450034BEE2 /* Headers */,
			);
			buildRules = (
			);
			dependencies = (
			);
			name = "cinder-view-ios";
			productName = "cinder-viewMac";
			productReference = 11B0421C179B90450034BEE2 /* libcinder-view.a */;
			productType = "com.apple.product-type.library.static";
		};
/* End PBXNativeTarget section */

/* Begin PBXProject section */
		1104F3C117753F10003EAA2B /* Project object */ = {
			isa = PBXProject;
			attributes = {
				LastUpgradeCheck = 0500;
				ORGANIZATIONNAME = Racoon;
			};
			buildConfigurationList = 1104F3C417753F10003EAA2B /* Build configuration list for PBXProject "cinder-view" */;
			compatibilityVersion = "Xcode 3.2";
			developmentRegion = English;
			hasScannedForEncodings = 0;
			knownRegions = (
				en,
			);
			mainGroup = 1104F3C017753F10003EAA2B;
			productRefGroup = 1104F3CA17753F10003EAA2B /* Products */;
			projectDirPath = "";
			projectRoot = "";
			targets = (
				1104F3C817753F10003EAA2B /* cinder-view-mac */,
				11B041F2179B90450034BEE2 /* cinder-view-ios */,
			);
		};
/* End PBXProject section */

/* Begin PBXSourcesBuildPhase section */
		1104F3C517753F10003EAA2B /* Sources */ = {
			isa = PBXSourcesBuildPhase;
			buildActionMask = 2147483647;
			files = (
				1146C1861C07263400434C81 /* View.cpp in Sources */,
				1146C16E1C07263400434C81 /* Label.cpp in Sources */,
				1146C1661C07263400434C81 /* ImageView.cpp in Sources */,
				1146C17E1C07263400434C81 /* Suite.cpp in Sources */,
				114F65111BE0AA0B000CE3EE /* format.cc in Sources */,
				1146C15E1C07263400434C81 /* Button.cpp in Sources */,
				1146C16A1C07263400434C81 /* Interface3d.cpp in Sources */,
				1146C1621C07263400434C81 /* Control.cpp in Sources */,
				1146C1761C07263400434C81 /* Selector.cpp in Sources */,
				1146C17A1C07263400434C81 /* Slider.cpp in Sources */,
				1146C1721C07263400434C81 /* ScrollView.cpp in Sources */,
				1146C1821C07263400434C81 /* TextManager.cpp in Sources */,
			);
			runOnlyForDeploymentPostprocessing = 0;
		};
		11B041F3179B90450034BEE2 /* Sources */ = {
			isa = PBXSourcesBuildPhase;
			buildActionMask = 2147483647;
			files = (
				1146C1871C07263400434C81 /* View.cpp in Sources */,
				1146C16F1C07263400434C81 /* Label.cpp in Sources */,
				1146C1671C07263400434C81 /* ImageView.cpp in Sources */,
				1146C17F1C07263400434C81 /* Suite.cpp in Sources */,
				114F650D1BE0A512000CE3EE /* format.cc in Sources */,
				1146C15F1C07263400434C81 /* Button.cpp in Sources */,
				1146C16B1C07263400434C81 /* Interface3d.cpp in Sources */,
				1146C1631C07263400434C81 /* Control.cpp in Sources */,
				1146C1771C07263400434C81 /* Selector.cpp in Sources */,
				1146C17B1C07263400434C81 /* Slider.cpp in Sources */,
				1146C1731C07263400434C81 /* ScrollView.cpp in Sources */,
				1146C1831C07263400434C81 /* TextManager.cpp in Sources */,
			);
			runOnlyForDeploymentPostprocessing = 0;
		};
/* End PBXSourcesBuildPhase section */

/* Begin XCBuildConfiguration section */
		1104F3EB17753F10003EAA2B /* Debug */ = {
			isa = XCBuildConfiguration;
			buildSettings = {
				ALWAYS_SEARCH_USER_PATHS = NO;
				CINDER_PATH = ../../cinder;
				CLANG_CXX_LANGUAGE_STANDARD = "c++14";
				CLANG_CXX_LIBRARY = "libc++";
				CONFIGURATION_TEMP_DIR = "build/$(CONFIGURATION)$(EFFECTIVE_PLATFORM_NAME)";
				COPY_PHASE_STRIP = NO;
				GCC_PRECOMPILE_PREFIX_HEADER = YES;
				GENERATE_MASTER_OBJECT_FILE = YES;
				HEADER_SEARCH_PATHS = "\"$(CINDER_PATH)/include\"";
				LINK_WITH_STANDARD_LIBRARIES = NO;
				MACOSX_DEPLOYMENT_TARGET = 10.8;
				OBJROOT = build;
				ONLY_ACTIVE_ARCH = NO;
				PRODUCT_NAME = "cinder-view";
				SDKROOT = macosx;
				USER_HEADER_SEARCH_PATHS = "../src \"$(CINDER_PATH)/include\" \"$(DART_PATH)/src\" \"$(DART_PATH)/dart-runtime\" ../lib/thirdparty";
			};
			name = Debug;
		};
		1104F3EC17753F10003EAA2B /* Release */ = {
			isa = XCBuildConfiguration;
			buildSettings = {
				ALWAYS_SEARCH_USER_PATHS = NO;
				CINDER_PATH = ../../cinder;
				CLANG_CXX_LANGUAGE_STANDARD = "c++14";
				CLANG_CXX_LIBRARY = "libc++";
				CONFIGURATION_TEMP_DIR = "build/$(CONFIGURATION)$(EFFECTIVE_PLATFORM_NAME)";
				COPY_PHASE_STRIP = YES;
				DEBUG_INFORMATION_FORMAT = "dwarf-with-dsym";
				GCC_PRECOMPILE_PREFIX_HEADER = YES;
				GCC_PREPROCESSOR_DEFINITIONS = NDEBUG;
				GENERATE_MASTER_OBJECT_FILE = YES;
				HEADER_SEARCH_PATHS = "\"$(CINDER_PATH)/include\"";
				LINK_WITH_STANDARD_LIBRARIES = NO;
				MACOSX_DEPLOYMENT_TARGET = 10.8;
				OBJROOT = build;
				PRODUCT_NAME = "cinder-view";
				SDKROOT = macosx;
				USER_HEADER_SEARCH_PATHS = "../src \"$(CINDER_PATH)/include\" \"$(DART_PATH)/src\" \"$(DART_PATH)/dart-runtime\" ../lib/thirdparty";
			};
			name = Release;
		};
		1104F3EE17753F10003EAA2B /* Debug */ = {
			isa = XCBuildConfiguration;
			buildSettings = {
				ARCHS = "$(ARCHS_STANDARD_64_BIT)";
				ONLY_ACTIVE_ARCH = YES;
				SYMROOT = ../lib/macosx;
			};
			name = Debug;
		};
		1104F3EF17753F10003EAA2B /* Release */ = {
			isa = XCBuildConfiguration;
			buildSettings = {
				ARCHS = "$(ARCHS_STANDARD_64_BIT)";
				ONLY_ACTIVE_ARCH = YES;
				SYMROOT = ../lib/macosx;
			};
			name = Release;
		};
		11B0421A179B90450034BEE2 /* Debug */ = {
			isa = XCBuildConfiguration;
			buildSettings = {
				ARCHS = "$(ARCHS_STANDARD_INCLUDING_64_BIT)";
				GCC_DYNAMIC_NO_PIC = YES;
				GCC_PRECOMPILE_PREFIX_HEADER = NO;
				IPHONEOS_DEPLOYMENT_TARGET = 5.0;
				SDKROOT = iphoneos;
				SYMROOT = "../lib/cinder-view/ios";
				TARGETED_DEVICE_FAMILY = "1,2";
			};
			name = Debug;
		};
		11B0421B179B90450034BEE2 /* Release */ = {
			isa = XCBuildConfiguration;
			buildSettings = {
				ARCHS = "$(ARCHS_STANDARD_INCLUDING_64_BIT)";
				GCC_DYNAMIC_NO_PIC = YES;
				GCC_PRECOMPILE_PREFIX_HEADER = NO;
				IPHONEOS_DEPLOYMENT_TARGET = 5.0;
				SDKROOT = iphoneos;
				SYMROOT = "../lib/cinder-view/ios";
				TARGETED_DEVICE_FAMILY = "1,2";
			};
			name = Release;
		};
/* End XCBuildConfiguration section */

/* Begin XCConfigurationList section */
		1104F3C417753F10003EAA2B /* Build configuration list for PBXProject "cinder-view" */ = {
			isa = XCConfigurationList;
			buildConfigurations = (
				1104F3EB17753F10003EAA2B /* Debug */,
				1104F3EC17753F10003EAA2B /* Release */,
			);
			defaultConfigurationIsVisible = 0;
			defaultConfigurationName = Release;
		};
		1104F3ED17753F10003EAA2B /* Build configuration list for PBXNativeTarget "cinder-view-mac" */ = {
			isa = XCConfigurationList;
			buildConfigurations = (
				1104F3EE17753F10003EAA2B /* Debug */,
				1104F3EF17753F10003EAA2B /* Release */,
			);
			defaultConfigurationIsVisible = 0;
			defaultConfigurationName = Release;
		};
		11B04219179B90450034BEE2 /* Build configuration list for PBXNativeTarget "cinder-view-ios" */ = {
			isa = XCConfigurationList;
			buildConfigurations = (
				11B0421A179B90450034BEE2 /* Debug */,
				11B0421B179B90450034BEE2 /* Release */,
			);
			defaultConfigurationIsVisible = 0;
			defaultConfigurationName = Release;
		};
/* End XCConfigurationList section */
	};
	rootObject = 1104F3C117753F10003EAA2B /* Project object */;
}
