// !$*UTF8*$!
{
	archiveVersion = 1;
	classes = {
	};
	objectVersion = 46;
	objects = {

/* Begin PBXBuildFile section */
		11A38FDF1E7E3886008C452D /* format.cc in Sources */ = {isa = PBXBuildFile; fileRef = 11A38FB51E7E3886008C452D /* format.cc */; };
		11A38FE01E7E3886008C452D /* format.h in Headers */ = {isa = PBXBuildFile; fileRef = 11A38FB61E7E3886008C452D /* format.h */; };
		11A38FE11E7E3886008C452D /* Factory.h in Headers */ = {isa = PBXBuildFile; fileRef = 11A38FB91E7E3886008C452D /* Factory.h */; };
		11A38FE21E7E3886008C452D /* Button.cpp in Sources */ = {isa = PBXBuildFile; fileRef = 11A38FBB1E7E3886008C452D /* Button.cpp */; };
		11A38FE31E7E3886008C452D /* Button.h in Headers */ = {isa = PBXBuildFile; fileRef = 11A38FBC1E7E3886008C452D /* Button.h */; };
		11A38FE41E7E3886008C452D /* Control.cpp in Sources */ = {isa = PBXBuildFile; fileRef = 11A38FBD1E7E3886008C452D /* Control.cpp */; };
		11A38FE51E7E3886008C452D /* Control.h in Headers */ = {isa = PBXBuildFile; fileRef = 11A38FBE1E7E3886008C452D /* Control.h */; };
		11A38FE61E7E3886008C452D /* Export.h in Headers */ = {isa = PBXBuildFile; fileRef = 11A38FBF1E7E3886008C452D /* Export.h */; };
		11A38FE71E7E3886008C452D /* Filter.cpp in Sources */ = {isa = PBXBuildFile; fileRef = 11A38FC01E7E3886008C452D /* Filter.cpp */; };
		11A38FE81E7E3886008C452D /* Filter.h in Headers */ = {isa = PBXBuildFile; fileRef = 11A38FC11E7E3886008C452D /* Filter.h */; };
		11A38FE91E7E3886008C452D /* Graph.cpp in Sources */ = {isa = PBXBuildFile; fileRef = 11A38FC21E7E3886008C452D /* Graph.cpp */; };
		11A38FEA1E7E3886008C452D /* Graph.h in Headers */ = {isa = PBXBuildFile; fileRef = 11A38FC31E7E3886008C452D /* Graph.h */; };
		11A38FEB1E7E3886008C452D /* Image.cpp in Sources */ = {isa = PBXBuildFile; fileRef = 11A38FC41E7E3886008C452D /* Image.cpp */; };
		11A38FEC1E7E3886008C452D /* Image.h in Headers */ = {isa = PBXBuildFile; fileRef = 11A38FC51E7E3886008C452D /* Image.h */; };
		11A38FED1E7E3886008C452D /* ImageView.cpp in Sources */ = {isa = PBXBuildFile; fileRef = 11A38FC61E7E3886008C452D /* ImageView.cpp */; };
		11A38FEE1E7E3886008C452D /* ImageView.h in Headers */ = {isa = PBXBuildFile; fileRef = 11A38FC71E7E3886008C452D /* ImageView.h */; };
		11A38FEF1E7E3886008C452D /* Interface3d.cpp in Sources */ = {isa = PBXBuildFile; fileRef = 11A38FC81E7E3886008C452D /* Interface3d.cpp */; };
		11A38FF01E7E3886008C452D /* Interface3d.h in Headers */ = {isa = PBXBuildFile; fileRef = 11A38FC91E7E3886008C452D /* Interface3d.h */; };
		11A38FF11E7E3886008C452D /* Label.cpp in Sources */ = {isa = PBXBuildFile; fileRef = 11A38FCA1E7E3886008C452D /* Label.cpp */; };
		11A38FF21E7E3886008C452D /* Label.h in Headers */ = {isa = PBXBuildFile; fileRef = 11A38FCB1E7E3886008C452D /* Label.h */; };
		11A38FF31E7E3886008C452D /* Layer.cpp in Sources */ = {isa = PBXBuildFile; fileRef = 11A38FCC1E7E3886008C452D /* Layer.cpp */; };
		11A38FF41E7E3886008C452D /* Layer.h in Headers */ = {isa = PBXBuildFile; fileRef = 11A38FCD1E7E3886008C452D /* Layer.h */; };
		11A38FF51E7E3886008C452D /* Layout.cpp in Sources */ = {isa = PBXBuildFile; fileRef = 11A38FCE1E7E3886008C452D /* Layout.cpp */; };
		11A38FF61E7E3886008C452D /* Layout.h in Headers */ = {isa = PBXBuildFile; fileRef = 11A38FCF1E7E3886008C452D /* Layout.h */; };
		11A38FF71E7E3886008C452D /* Renderer.cpp in Sources */ = {isa = PBXBuildFile; fileRef = 11A38FD01E7E3886008C452D /* Renderer.cpp */; };
		11A38FF81E7E3886008C452D /* Renderer.h in Headers */ = {isa = PBXBuildFile; fileRef = 11A38FD11E7E3886008C452D /* Renderer.h */; };
		11A38FF91E7E3886008C452D /* ScrollView.cpp in Sources */ = {isa = PBXBuildFile; fileRef = 11A38FD21E7E3886008C452D /* ScrollView.cpp */; };
		11A38FFA1E7E3886008C452D /* ScrollView.h in Headers */ = {isa = PBXBuildFile; fileRef = 11A38FD31E7E3886008C452D /* ScrollView.h */; };
		11A38FFB1E7E3886008C452D /* Selector.cpp in Sources */ = {isa = PBXBuildFile; fileRef = 11A38FD41E7E3886008C452D /* Selector.cpp */; };
		11A38FFC1E7E3886008C452D /* Selector.h in Headers */ = {isa = PBXBuildFile; fileRef = 11A38FD51E7E3886008C452D /* Selector.h */; };
		11A38FFD1E7E3886008C452D /* Slider.cpp in Sources */ = {isa = PBXBuildFile; fileRef = 11A38FD61E7E3886008C452D /* Slider.cpp */; };
		11A38FFE1E7E3886008C452D /* Slider.h in Headers */ = {isa = PBXBuildFile; fileRef = 11A38FD71E7E3886008C452D /* Slider.h */; };
		11A38FFF1E7E3886008C452D /* Suite.cpp in Sources */ = {isa = PBXBuildFile; fileRef = 11A38FD81E7E3886008C452D /* Suite.cpp */; };
		11A390001E7E3886008C452D /* Suite.h in Headers */ = {isa = PBXBuildFile; fileRef = 11A38FD91E7E3886008C452D /* Suite.h */; };
		11A390011E7E3886008C452D /* TextManager.cpp in Sources */ = {isa = PBXBuildFile; fileRef = 11A38FDA1E7E3886008C452D /* TextManager.cpp */; };
		11A390021E7E3886008C452D /* TextManager.h in Headers */ = {isa = PBXBuildFile; fileRef = 11A38FDB1E7E3886008C452D /* TextManager.h */; };
		11A390031E7E3886008C452D /* ui.h in Headers */ = {isa = PBXBuildFile; fileRef = 11A38FDC1E7E3886008C452D /* ui.h */; };
		11A390041E7E3886008C452D /* View.cpp in Sources */ = {isa = PBXBuildFile; fileRef = 11A38FDD1E7E3886008C452D /* View.cpp */; };
		11A390051E7E3886008C452D /* View.h in Headers */ = {isa = PBXBuildFile; fileRef = 11A38FDE1E7E3886008C452D /* View.h */; };
/* End PBXBuildFile section */

/* Begin PBXFileReference section */
		1104F3C917753F10003EAA2B /* libcinder-view.a */ = {isa = PBXFileReference; explicitFileType = archive.ar; includeInIndex = 0; path = "libcinder-view.a"; sourceTree = BUILT_PRODUCTS_DIR; };
		1104F3CC17753F10003EAA2B /* Cocoa.framework */ = {isa = PBXFileReference; lastKnownFileType = wrapper.framework; name = Cocoa.framework; path = System/Library/Frameworks/Cocoa.framework; sourceTree = SDKROOT; };
		1104F3CF17753F10003EAA2B /* Foundation.framework */ = {isa = PBXFileReference; lastKnownFileType = wrapper.framework; name = Foundation.framework; path = System/Library/Frameworks/Foundation.framework; sourceTree = SDKROOT; };
		11A38FB51E7E3886008C452D /* format.cc */ = {isa = PBXFileReference; fileEncoding = 4; lastKnownFileType = sourcecode.cpp.cpp; path = format.cc; sourceTree = "<group>"; };
		11A38FB61E7E3886008C452D /* format.h */ = {isa = PBXFileReference; fileEncoding = 4; lastKnownFileType = sourcecode.c.h; path = format.h; sourceTree = "<group>"; };
		11A38FB91E7E3886008C452D /* Factory.h */ = {isa = PBXFileReference; fileEncoding = 4; lastKnownFileType = sourcecode.c.h; path = Factory.h; sourceTree = "<group>"; };
		11A38FBB1E7E3886008C452D /* Button.cpp */ = {isa = PBXFileReference; fileEncoding = 4; lastKnownFileType = sourcecode.cpp.cpp; path = Button.cpp; sourceTree = "<group>"; };
		11A38FBC1E7E3886008C452D /* Button.h */ = {isa = PBXFileReference; fileEncoding = 4; lastKnownFileType = sourcecode.c.h; path = Button.h; sourceTree = "<group>"; };
		11A38FBD1E7E3886008C452D /* Control.cpp */ = {isa = PBXFileReference; fileEncoding = 4; lastKnownFileType = sourcecode.cpp.cpp; path = Control.cpp; sourceTree = "<group>"; };
		11A38FBE1E7E3886008C452D /* Control.h */ = {isa = PBXFileReference; fileEncoding = 4; lastKnownFileType = sourcecode.c.h; path = Control.h; sourceTree = "<group>"; };
		11A38FBF1E7E3886008C452D /* Export.h */ = {isa = PBXFileReference; fileEncoding = 4; lastKnownFileType = sourcecode.c.h; path = Export.h; sourceTree = "<group>"; };
		11A38FC01E7E3886008C452D /* Filter.cpp */ = {isa = PBXFileReference; fileEncoding = 4; lastKnownFileType = sourcecode.cpp.cpp; path = Filter.cpp; sourceTree = "<group>"; };
		11A38FC11E7E3886008C452D /* Filter.h */ = {isa = PBXFileReference; fileEncoding = 4; lastKnownFileType = sourcecode.c.h; path = Filter.h; sourceTree = "<group>"; };
		11A38FC21E7E3886008C452D /* Graph.cpp */ = {isa = PBXFileReference; fileEncoding = 4; lastKnownFileType = sourcecode.cpp.cpp; path = Graph.cpp; sourceTree = "<group>"; };
		11A38FC31E7E3886008C452D /* Graph.h */ = {isa = PBXFileReference; fileEncoding = 4; lastKnownFileType = sourcecode.c.h; path = Graph.h; sourceTree = "<group>"; };
		11A38FC41E7E3886008C452D /* Image.cpp */ = {isa = PBXFileReference; fileEncoding = 4; lastKnownFileType = sourcecode.cpp.cpp; path = Image.cpp; sourceTree = "<group>"; };
		11A38FC51E7E3886008C452D /* Image.h */ = {isa = PBXFileReference; fileEncoding = 4; lastKnownFileType = sourcecode.c.h; path = Image.h; sourceTree = "<group>"; };
		11A38FC61E7E3886008C452D /* ImageView.cpp */ = {isa = PBXFileReference; fileEncoding = 4; lastKnownFileType = sourcecode.cpp.cpp; path = ImageView.cpp; sourceTree = "<group>"; };
		11A38FC71E7E3886008C452D /* ImageView.h */ = {isa = PBXFileReference; fileEncoding = 4; lastKnownFileType = sourcecode.c.h; path = ImageView.h; sourceTree = "<group>"; };
		11A38FC81E7E3886008C452D /* Interface3d.cpp */ = {isa = PBXFileReference; fileEncoding = 4; lastKnownFileType = sourcecode.cpp.cpp; path = Interface3d.cpp; sourceTree = "<group>"; };
		11A38FC91E7E3886008C452D /* Interface3d.h */ = {isa = PBXFileReference; fileEncoding = 4; lastKnownFileType = sourcecode.c.h; path = Interface3d.h; sourceTree = "<group>"; };
		11A38FCA1E7E3886008C452D /* Label.cpp */ = {isa = PBXFileReference; fileEncoding = 4; lastKnownFileType = sourcecode.cpp.cpp; path = Label.cpp; sourceTree = "<group>"; };
		11A38FCB1E7E3886008C452D /* Label.h */ = {isa = PBXFileReference; fileEncoding = 4; lastKnownFileType = sourcecode.c.h; path = Label.h; sourceTree = "<group>"; };
		11A38FCC1E7E3886008C452D /* Layer.cpp */ = {isa = PBXFileReference; fileEncoding = 4; lastKnownFileType = sourcecode.cpp.cpp; path = Layer.cpp; sourceTree = "<group>"; };
		11A38FCD1E7E3886008C452D /* Layer.h */ = {isa = PBXFileReference; fileEncoding = 4; lastKnownFileType = sourcecode.c.h; path = Layer.h; sourceTree = "<group>"; };
		11A38FCE1E7E3886008C452D /* Layout.cpp */ = {isa = PBXFileReference; fileEncoding = 4; lastKnownFileType = sourcecode.cpp.cpp; path = Layout.cpp; sourceTree = "<group>"; };
		11A38FCF1E7E3886008C452D /* Layout.h */ = {isa = PBXFileReference; fileEncoding = 4; lastKnownFileType = sourcecode.c.h; path = Layout.h; sourceTree = "<group>"; };
		11A38FD01E7E3886008C452D /* Renderer.cpp */ = {isa = PBXFileReference; fileEncoding = 4; lastKnownFileType = sourcecode.cpp.cpp; path = Renderer.cpp; sourceTree = "<group>"; };
		11A38FD11E7E3886008C452D /* Renderer.h */ = {isa = PBXFileReference; fileEncoding = 4; lastKnownFileType = sourcecode.c.h; path = Renderer.h; sourceTree = "<group>"; };
		11A38FD21E7E3886008C452D /* ScrollView.cpp */ = {isa = PBXFileReference; fileEncoding = 4; lastKnownFileType = sourcecode.cpp.cpp; path = ScrollView.cpp; sourceTree = "<group>"; };
		11A38FD31E7E3886008C452D /* ScrollView.h */ = {isa = PBXFileReference; fileEncoding = 4; lastKnownFileType = sourcecode.c.h; path = ScrollView.h; sourceTree = "<group>"; };
		11A38FD41E7E3886008C452D /* Selector.cpp */ = {isa = PBXFileReference; fileEncoding = 4; lastKnownFileType = sourcecode.cpp.cpp; path = Selector.cpp; sourceTree = "<group>"; };
		11A38FD51E7E3886008C452D /* Selector.h */ = {isa = PBXFileReference; fileEncoding = 4; lastKnownFileType = sourcecode.c.h; path = Selector.h; sourceTree = "<group>"; };
		11A38FD61E7E3886008C452D /* Slider.cpp */ = {isa = PBXFileReference; fileEncoding = 4; lastKnownFileType = sourcecode.cpp.cpp; path = Slider.cpp; sourceTree = "<group>"; };
		11A38FD71E7E3886008C452D /* Slider.h */ = {isa = PBXFileReference; fileEncoding = 4; lastKnownFileType = sourcecode.c.h; path = Slider.h; sourceTree = "<group>"; };
		11A38FD81E7E3886008C452D /* Suite.cpp */ = {isa = PBXFileReference; fileEncoding = 4; lastKnownFileType = sourcecode.cpp.cpp; path = Suite.cpp; sourceTree = "<group>"; };
		11A38FD91E7E3886008C452D /* Suite.h */ = {isa = PBXFileReference; fileEncoding = 4; lastKnownFileType = sourcecode.c.h; path = Suite.h; sourceTree = "<group>"; };
		11A38FDA1E7E3886008C452D /* TextManager.cpp */ = {isa = PBXFileReference; fileEncoding = 4; lastKnownFileType = sourcecode.cpp.cpp; path = TextManager.cpp; sourceTree = "<group>"; };
		11A38FDB1E7E3886008C452D /* TextManager.h */ = {isa = PBXFileReference; fileEncoding = 4; lastKnownFileType = sourcecode.c.h; path = TextManager.h; sourceTree = "<group>"; };
		11A38FDC1E7E3886008C452D /* ui.h */ = {isa = PBXFileReference; fileEncoding = 4; lastKnownFileType = sourcecode.c.h; path = ui.h; sourceTree = "<group>"; };
		11A38FDD1E7E3886008C452D /* View.cpp */ = {isa = PBXFileReference; fileEncoding = 4; lastKnownFileType = sourcecode.cpp.cpp; path = View.cpp; sourceTree = "<group>"; };
		11A38FDE1E7E3886008C452D /* View.h */ = {isa = PBXFileReference; fileEncoding = 4; lastKnownFileType = sourcecode.c.h; path = View.h; sourceTree = "<group>"; };
		11B0421C179B90450034BEE2 /* libcinder-view.a */ = {isa = PBXFileReference; explicitFileType = archive.ar; includeInIndex = 0; path = "libcinder-view.a"; sourceTree = BUILT_PRODUCTS_DIR; };
/* End PBXFileReference section */

/* Begin PBXFrameworksBuildPhase section */
		1104F3C617753F10003EAA2B /* Frameworks */ = {
			isa = PBXFrameworksBuildPhase;
			buildActionMask = 2147483647;
			files = (
			);
			runOnlyForDeploymentPostprocessing = 0;
		};
		11B04202179B90450034BEE2 /* Frameworks */ = {
			isa = PBXFrameworksBuildPhase;
			buildActionMask = 2147483647;
			files = (
			);
			runOnlyForDeploymentPostprocessing = 0;
		};
/* End PBXFrameworksBuildPhase section */

/* Begin PBXGroup section */
		1104F3C017753F10003EAA2B = {
			isa = PBXGroup;
			children = (
				1104F46017754A6E003EAA2B /* src */,
				1104F3CB17753F10003EAA2B /* Frameworks */,
				1104F3CA17753F10003EAA2B /* Products */,
			);
			sourceTree = "<group>";
		};
		1104F3CA17753F10003EAA2B /* Products */ = {
			isa = PBXGroup;
			children = (
				1104F3C917753F10003EAA2B /* libcinder-view.a */,
				11B0421C179B90450034BEE2 /* libcinder-view.a */,
			);
			name = Products;
			sourceTree = "<group>";
		};
		1104F3CB17753F10003EAA2B /* Frameworks */ = {
			isa = PBXGroup;
			children = (
				1104F3CC17753F10003EAA2B /* Cocoa.framework */,
				1104F3CE17753F10003EAA2B /* Other Frameworks */,
			);
			name = Frameworks;
			sourceTree = "<group>";
		};
		1104F3CE17753F10003EAA2B /* Other Frameworks */ = {
			isa = PBXGroup;
			children = (
				1104F3CF17753F10003EAA2B /* Foundation.framework */,
			);
			name = "Other Frameworks";
			sourceTree = "<group>";
		};
		1104F46017754A6E003EAA2B /* src */ = {
			isa = PBXGroup;
			children = (
				11A38FB41E7E3886008C452D /* fmt */,
				11A38FB81E7E3886008C452D /* mason */,
				11A38FBA1E7E3886008C452D /* ui */,
			);
			name = src;
			path = ../src;
			sourceTree = "<group>";
		};
		11A38FB41E7E3886008C452D /* fmt */ = {
			isa = PBXGroup;
			children = (
				11A38FB51E7E3886008C452D /* format.cc */,
				11A38FB61E7E3886008C452D /* format.h */,
			);
			name = fmt;
			path = ../../src/fmt;
			sourceTree = "<group>";
		};
		11A38FB81E7E3886008C452D /* mason */ = {
			isa = PBXGroup;
			children = (
				11A38FB91E7E3886008C452D /* Factory.h */,
			);
			name = mason;
			path = ../../src/mason;
			sourceTree = "<group>";
		};
		11A38FBA1E7E3886008C452D /* ui */ = {
			isa = PBXGroup;
			children = (
				11A38FBB1E7E3886008C452D /* Button.cpp */,
				11A38FBC1E7E3886008C452D /* Button.h */,
				11A38FBD1E7E3886008C452D /* Control.cpp */,
				11A38FBE1E7E3886008C452D /* Control.h */,
				11A38FBF1E7E3886008C452D /* Export.h */,
				11A38FC01E7E3886008C452D /* Filter.cpp */,
				11A38FC11E7E3886008C452D /* Filter.h */,
				11A38FC21E7E3886008C452D /* Graph.cpp */,
				11A38FC31E7E3886008C452D /* Graph.h */,
				11A38FC41E7E3886008C452D /* Image.cpp */,
				11A38FC51E7E3886008C452D /* Image.h */,
				11A38FC61E7E3886008C452D /* ImageView.cpp */,
				11A38FC71E7E3886008C452D /* ImageView.h */,
				11A38FC81E7E3886008C452D /* Interface3d.cpp */,
				11A38FC91E7E3886008C452D /* Interface3d.h */,
				11A38FCA1E7E3886008C452D /* Label.cpp */,
				11A38FCB1E7E3886008C452D /* Label.h */,
				11A38FCC1E7E3886008C452D /* Layer.cpp */,
				11A38FCD1E7E3886008C452D /* Layer.h */,
				11A38FCE1E7E3886008C452D /* Layout.cpp */,
				11A38FCF1E7E3886008C452D /* Layout.h */,
				11A38FD01E7E3886008C452D /* Renderer.cpp */,
				11A38FD11E7E3886008C452D /* Renderer.h */,
				11A38FD21E7E3886008C452D /* ScrollView.cpp */,
				11A38FD31E7E3886008C452D /* ScrollView.h */,
				11A38FD41E7E3886008C452D /* Selector.cpp */,
				11A38FD51E7E3886008C452D /* Selector.h */,
				11A38FD61E7E3886008C452D /* Slider.cpp */,
				11A38FD71E7E3886008C452D /* Slider.h */,
				11A38FD81E7E3886008C452D /* Suite.cpp */,
				11A38FD91E7E3886008C452D /* Suite.h */,
				11A38FDA1E7E3886008C452D /* TextManager.cpp */,
				11A38FDB1E7E3886008C452D /* TextManager.h */,
				11A38FDC1E7E3886008C452D /* ui.h */,
				11A38FDD1E7E3886008C452D /* View.cpp */,
				11A38FDE1E7E3886008C452D /* View.h */,
			);
			name = ui;
			path = ../../src/ui;
			sourceTree = "<group>";
		};
/* End PBXGroup section */

/* Begin PBXHeadersBuildPhase section */
		1104F3C717753F10003EAA2B /* Headers */ = {
			isa = PBXHeadersBuildPhase;
			buildActionMask = 2147483647;
			files = (
				11A38FEC1E7E3886008C452D /* Image.h in Headers */,
				11A38FFC1E7E3886008C452D /* Selector.h in Headers */,
				11A38FF81E7E3886008C452D /* Renderer.h in Headers */,
				11A38FE81E7E3886008C452D /* Filter.h in Headers */,
				11A390051E7E3886008C452D /* View.h in Headers */,
				11A390031E7E3886008C452D /* ui.h in Headers */,
				11A38FE51E7E3886008C452D /* Control.h in Headers */,
				11A38FFA1E7E3886008C452D /* ScrollView.h in Headers */,
				11A38FE01E7E3886008C452D /* format.h in Headers */,
				11A38FEE1E7E3886008C452D /* ImageView.h in Headers */,
				11A38FF01E7E3886008C452D /* Interface3d.h in Headers */,
				11A390001E7E3886008C452D /* Suite.h in Headers */,
				11A38FF41E7E3886008C452D /* Layer.h in Headers */,
				11A38FE11E7E3886008C452D /* Factory.h in Headers */,
				11A38FFE1E7E3886008C452D /* Slider.h in Headers */,
				11A38FEA1E7E3886008C452D /* Graph.h in Headers */,
				11A38FE61E7E3886008C452D /* Export.h in Headers */,
				11A38FE31E7E3886008C452D /* Button.h in Headers */,
				11A38FF61E7E3886008C452D /* Layout.h in Headers */,
				11A390021E7E3886008C452D /* TextManager.h in Headers */,
				11A38FF21E7E3886008C452D /* Label.h in Headers */,
			);
			runOnlyForDeploymentPostprocessing = 0;
		};
		11B04203179B90450034BEE2 /* Headers */ = {
			isa = PBXHeadersBuildPhase;
			buildActionMask = 2147483647;
			files = (
			);
			runOnlyForDeploymentPostprocessing = 0;
		};
/* End PBXHeadersBuildPhase section */

/* Begin PBXNativeTarget section */
		1104F3C817753F10003EAA2B /* cinder-view-mac */ = {
			isa = PBXNativeTarget;
			buildConfigurationList = 1104F3ED17753F10003EAA2B /* Build configuration list for PBXNativeTarget "cinder-view-mac" */;
			buildPhases = (
				1104F3C517753F10003EAA2B /* Sources */,
				1104F3C617753F10003EAA2B /* Frameworks */,
				1104F3C717753F10003EAA2B /* Headers */,
			);
			buildRules = (
			);
			dependencies = (
			);
			name = "cinder-view-mac";
			productName = "cinder-viewMac";
			productReference = 1104F3C917753F10003EAA2B /* libcinder-view.a */;
			productType = "com.apple.product-type.library.static";
		};
		11B041F2179B90450034BEE2 /* cinder-view-ios */ = {
			isa = PBXNativeTarget;
			buildConfigurationList = 11B04219179B90450034BEE2 /* Build configuration list for PBXNativeTarget "cinder-view-ios" */;
			buildPhases = (
				11B041F3179B90450034BEE2 /* Sources */,
				11B04202179B90450034BEE2 /* Frameworks */,
				11B04203179B90450034BEE2 /* Headers */,
			);
			buildRules = (
			);
			dependencies = (
			);
			name = "cinder-view-ios";
			productName = "cinder-viewMac";
			productReference = 11B0421C179B90450034BEE2 /* libcinder-view.a */;
			productType = "com.apple.product-type.library.static";
		};
/* End PBXNativeTarget section */

/* Begin PBXProject section */
		1104F3C117753F10003EAA2B /* Project object */ = {
			isa = PBXProject;
			attributes = {
				LastUpgradeCheck = 0500;
				ORGANIZATIONNAME = Racoon;
			};
			buildConfigurationList = 1104F3C417753F10003EAA2B /* Build configuration list for PBXProject "cinder-view" */;
			compatibilityVersion = "Xcode 3.2";
			developmentRegion = English;
			hasScannedForEncodings = 0;
			knownRegions = (
				en,
			);
			mainGroup = 1104F3C017753F10003EAA2B;
			productRefGroup = 1104F3CA17753F10003EAA2B /* Products */;
			projectDirPath = "";
			projectRoot = "";
			targets = (
				1104F3C817753F10003EAA2B /* cinder-view-mac */,
				11B041F2179B90450034BEE2 /* cinder-view-ios */,
			);
		};
/* End PBXProject section */

/* Begin PBXSourcesBuildPhase section */
		1104F3C517753F10003EAA2B /* Sources */ = {
			isa = PBXSourcesBuildPhase;
			buildActionMask = 2147483647;
			files = (
				11A390041E7E3886008C452D /* View.cpp in Sources */,
				11A38FF71E7E3886008C452D /* Renderer.cpp in Sources */,
				11A38FF11E7E3886008C452D /* Label.cpp in Sources */,
				11A38FEF1E7E3886008C452D /* Interface3d.cpp in Sources */,
				11A38FDF1E7E3886008C452D /* format.cc in Sources */,
				11A38FFF1E7E3886008C452D /* Suite.cpp in Sources */,
				11A38FF51E7E3886008C452D /* Layout.cpp in Sources */,
				11A38FF91E7E3886008C452D /* ScrollView.cpp in Sources */,
				11A38FE71E7E3886008C452D /* Filter.cpp in Sources */,
				11A38FE21E7E3886008C452D /* Button.cpp in Sources */,
				11A38FED1E7E3886008C452D /* ImageView.cpp in Sources */,
				11A38FEB1E7E3886008C452D /* Image.cpp in Sources */,
				11A38FE41E7E3886008C452D /* Control.cpp in Sources */,
				11A38FE91E7E3886008C452D /* Graph.cpp in Sources */,
				11A38FFB1E7E3886008C452D /* Selector.cpp in Sources */,
				11A38FFD1E7E3886008C452D /* Slider.cpp in Sources */,
				11A390011E7E3886008C452D /* TextManager.cpp in Sources */,
				11A38FF31E7E3886008C452D /* Layer.cpp in Sources */,
			);
			runOnlyForDeploymentPostprocessing = 0;
		};
		11B041F3179B90450034BEE2 /* Sources */ = {
			isa = PBXSourcesBuildPhase;
			buildActionMask = 2147483647;
			files = (
			);
			runOnlyForDeploymentPostprocessing = 0;
		};
/* End PBXSourcesBuildPhase section */

/* Begin XCBuildConfiguration section */
		1104F3EB17753F10003EAA2B /* Debug */ = {
			isa = XCBuildConfiguration;
			buildSettings = {
				ALWAYS_SEARCH_USER_PATHS = NO;
				CINDER_PATH = ../../../..;
				CLANG_CXX_LANGUAGE_STANDARD = "c++14";
				CLANG_CXX_LIBRARY = "libc++";
				CONFIGURATION_TEMP_DIR = "build/$(CONFIGURATION)$(EFFECTIVE_PLATFORM_NAME)";
				COPY_PHASE_STRIP = NO;
				GCC_PRECOMPILE_PREFIX_HEADER = YES;
				GENERATE_MASTER_OBJECT_FILE = YES;
				HEADER_SEARCH_PATHS = "\"$(CINDER_PATH)/include\"";
				LINK_WITH_STANDARD_LIBRARIES = NO;
				MACOSX_DEPLOYMENT_TARGET = 10.8;
				OBJROOT = build;
				ONLY_ACTIVE_ARCH = NO;
				PRODUCT_NAME = "cinder-view";
				SDKROOT = macosx;
				USER_HEADER_SEARCH_PATHS = "../../src \"$(CINDER_PATH)/include\"";
			};
			name = Debug;
		};
		1104F3EC17753F10003EAA2B /* Release */ = {
			isa = XCBuildConfiguration;
			buildSettings = {
				ALWAYS_SEARCH_USER_PATHS = NO;
				CINDER_PATH = ../../../..;
				CLANG_CXX_LANGUAGE_STANDARD = "c++14";
				CLANG_CXX_LIBRARY = "libc++";
				CONFIGURATION_TEMP_DIR = "build/$(CONFIGURATION)$(EFFECTIVE_PLATFORM_NAME)";
				COPY_PHASE_STRIP = YES;
				DEBUG_INFORMATION_FORMAT = "dwarf-with-dsym";
				GCC_PRECOMPILE_PREFIX_HEADER = YES;
				GCC_PREPROCESSOR_DEFINITIONS = NDEBUG;
				GENERATE_MASTER_OBJECT_FILE = YES;
				HEADER_SEARCH_PATHS = "\"$(CINDER_PATH)/include\"";
				LINK_WITH_STANDARD_LIBRARIES = NO;
				MACOSX_DEPLOYMENT_TARGET = 10.8;
				OBJROOT = build;
				PRODUCT_NAME = "cinder-view";
				SDKROOT = macosx;
				USER_HEADER_SEARCH_PATHS = "../../src \"$(CINDER_PATH)/include\"";
			};
			name = Release;
		};
		1104F3EE17753F10003EAA2B /* Debug */ = {
			isa = XCBuildConfiguration;
			buildSettings = {
				ARCHS = "$(ARCHS_STANDARD_64_BIT)";
				ONLY_ACTIVE_ARCH = YES;
				SYMROOT = ../../lib/macosx;
			};
			name = Debug;
		};
		1104F3EF17753F10003EAA2B /* Release */ = {
			isa = XCBuildConfiguration;
			buildSettings = {
				ARCHS = "$(ARCHS_STANDARD_64_BIT)";
				ONLY_ACTIVE_ARCH = YES;
				SYMROOT = ../../lib/macosx;
			};
			name = Release;
		};
		11B0421A179B90450034BEE2 /* Debug */ = {
			isa = XCBuildConfiguration;
			buildSettings = {
				ARCHS = "$(ARCHS_STANDARD_INCLUDING_64_BIT)";
				GCC_DYNAMIC_NO_PIC = YES;
				GCC_PRECOMPILE_PREFIX_HEADER = NO;
				IPHONEOS_DEPLOYMENT_TARGET = 5.0;
				SDKROOT = iphoneos;
				SYMROOT = "../lib/cinder-view/ios";
				TARGETED_DEVICE_FAMILY = "1,2";
			};
			name = Debug;
		};
		11B0421B179B90450034BEE2 /* Release */ = {
			isa = XCBuildConfiguration;
			buildSettings = {
				ARCHS = "$(ARCHS_STANDARD_INCLUDING_64_BIT)";
				GCC_DYNAMIC_NO_PIC = YES;
				GCC_PRECOMPILE_PREFIX_HEADER = NO;
				IPHONEOS_DEPLOYMENT_TARGET = 5.0;
				SDKROOT = iphoneos;
				SYMROOT = "../lib/cinder-view/ios";
				TARGETED_DEVICE_FAMILY = "1,2";
			};
			name = Release;
		};
/* End XCBuildConfiguration section */

/* Begin XCConfigurationList section */
		1104F3C417753F10003EAA2B /* Build configuration list for PBXProject "cinder-view" */ = {
			isa = XCConfigurationList;
			buildConfigurations = (
				1104F3EB17753F10003EAA2B /* Debug */,
				1104F3EC17753F10003EAA2B /* Release */,
			);
			defaultConfigurationIsVisible = 0;
			defaultConfigurationName = Release;
		};
		1104F3ED17753F10003EAA2B /* Build configuration list for PBXNativeTarget "cinder-view-mac" */ = {
			isa = XCConfigurationList;
			buildConfigurations = (
				1104F3EE17753F10003EAA2B /* Debug */,
				1104F3EF17753F10003EAA2B /* Release */,
			);
			defaultConfigurationIsVisible = 0;
			defaultConfigurationName = Release;
		};
		11B04219179B90450034BEE2 /* Build configuration list for PBXNativeTarget "cinder-view-ios" */ = {
			isa = XCConfigurationList;
			buildConfigurations = (
				11B0421A179B90450034BEE2 /* Debug */,
				11B0421B179B90450034BEE2 /* Release */,
			);
			defaultConfigurationIsVisible = 0;
			defaultConfigurationName = Release;
		};
/* End XCConfigurationList section */
	};
	rootObject = 1104F3C117753F10003EAA2B /* Project object */;
}
