// !$*UTF8*$!
{
	archiveVersion = 1;
	classes = {
	};
	objectVersion = 46;
	objects = {

/* Begin PBXBuildFile section */
		116AB3C2208FFAC3004D9E00 /* Control.cpp in Sources */ = {isa = PBXBuildFile; fileRef = 116AB39F208FFAC3004D9E00 /* Control.cpp */; };
		116AB3C3208FFAC3004D9E00 /* Control.h in Headers */ = {isa = PBXBuildFile; fileRef = 116AB3A0208FFAC3004D9E00 /* Control.h */; };
		116AB3C4208FFAC3004D9E00 /* Debug.h in Headers */ = {isa = PBXBuildFile; fileRef = 116AB3A1208FFAC3004D9E00 /* Debug.h */; };
		116AB3C5208FFAC3004D9E00 /* Export.h in Headers */ = {isa = PBXBuildFile; fileRef = 116AB3A2208FFAC3004D9E00 /* Export.h */; };
		116AB3C6208FFAC3004D9E00 /* Filter.h in Headers */ = {isa = PBXBuildFile; fileRef = 116AB3A3208FFAC3004D9E00 /* Filter.h */; };
		116AB3C7208FFAC3004D9E00 /* GestureTracker.cpp in Sources */ = {isa = PBXBuildFile; fileRef = 116AB3A4208FFAC3004D9E00 /* GestureTracker.cpp */; };
		116AB3C8208FFAC3004D9E00 /* GestureTracker.h in Headers */ = {isa = PBXBuildFile; fileRef = 116AB3A5208FFAC3004D9E00 /* GestureTracker.h */; };
		116AB3C9208FFAC3004D9E00 /* Graph.cpp in Sources */ = {isa = PBXBuildFile; fileRef = 116AB3A6208FFAC3004D9E00 /* Graph.cpp */; };
		116AB3CA208FFAC3004D9E00 /* Graph.h in Headers */ = {isa = PBXBuildFile; fileRef = 116AB3A7208FFAC3004D9E00 /* Graph.h */; };
		116AB3CB208FFAC3004D9E00 /* Interface3d.cpp in Sources */ = {isa = PBXBuildFile; fileRef = 116AB3A8208FFAC3004D9E00 /* Interface3d.cpp */; };
		116AB3CC208FFAC3004D9E00 /* Interface3d.h in Headers */ = {isa = PBXBuildFile; fileRef = 116AB3A9208FFAC3004D9E00 /* Interface3d.h */; };
		116AB3CD208FFAC3004D9E00 /* Label.cpp in Sources */ = {isa = PBXBuildFile; fileRef = 116AB3AA208FFAC3004D9E00 /* Label.cpp */; };
		116AB3CE208FFAC3004D9E00 /* Label.h in Headers */ = {isa = PBXBuildFile; fileRef = 116AB3AB208FFAC3004D9E00 /* Label.h */; };
		116AB3CF208FFAC3004D9E00 /* Layout.h in Headers */ = {isa = PBXBuildFile; fileRef = 116AB3AC208FFAC3004D9E00 /* Layout.h */; };
		116AB3D0208FFAC3004D9E00 /* ScrollView.cpp in Sources */ = {isa = PBXBuildFile; fileRef = 116AB3AD208FFAC3004D9E00 /* ScrollView.cpp */; };
		116AB3D1208FFAC3004D9E00 /* ScrollView.h in Headers */ = {isa = PBXBuildFile; fileRef = 116AB3AE208FFAC3004D9E00 /* ScrollView.h */; };
		116AB3D2208FFAC3004D9E00 /* Suite.cpp in Sources */ = {isa = PBXBuildFile; fileRef = 116AB3AF208FFAC3004D9E00 /* Suite.cpp */; };
		116AB3D3208FFAC3004D9E00 /* Suite.h in Headers */ = {isa = PBXBuildFile; fileRef = 116AB3B0208FFAC3004D9E00 /* Suite.h */; };
		116AB3D4208FFAC3004D9E00 /* TextField.cpp in Sources */ = {isa = PBXBuildFile; fileRef = 116AB3B1208FFAC3004D9E00 /* TextField.cpp */; };
		116AB3D5208FFAC3004D9E00 /* TextField.h in Headers */ = {isa = PBXBuildFile; fileRef = 116AB3B2208FFAC3004D9E00 /* TextField.h */; };
		116AB3D6208FFAC3004D9E00 /* ui.h in Headers */ = {isa = PBXBuildFile; fileRef = 116AB3B3208FFAC3004D9E00 /* ui.h */; };
		116AB3D7208FFAC3004D9E00 /* View.cpp in Sources */ = {isa = PBXBuildFile; fileRef = 116AB3B4208FFAC3004D9E00 /* View.cpp */; };
		116AB3D8208FFAC3004D9E00 /* View.h in Headers */ = {isa = PBXBuildFile; fileRef = 116AB3B5208FFAC3004D9E00 /* View.h */; };
		116AB3D9208FFAC3004D9E00 /* Filter.cpp in Sources */ = {isa = PBXBuildFile; fileRef = 116AB3B6208FFAC3004D9E00 /* Filter.cpp */; };
		116AB3DA208FFAC3004D9E00 /* Image.cpp in Sources */ = {isa = PBXBuildFile; fileRef = 116AB3B7208FFAC3004D9E00 /* Image.cpp */; };
		116AB3DB208FFAC3004D9E00 /* Image.h in Headers */ = {isa = PBXBuildFile; fileRef = 116AB3B8208FFAC3004D9E00 /* Image.h */; };
		116AB3DC208FFAC3004D9E00 /* ImageView.cpp in Sources */ = {isa = PBXBuildFile; fileRef = 116AB3B9208FFAC3004D9E00 /* ImageView.cpp */; };
		116AB3DD208FFAC3004D9E00 /* ImageView.h in Headers */ = {isa = PBXBuildFile; fileRef = 116AB3BA208FFAC3004D9E00 /* ImageView.h */; };
		116AB3DE208FFAC3004D9E00 /* Layer.cpp in Sources */ = {isa = PBXBuildFile; fileRef = 116AB3BB208FFAC3004D9E00 /* Layer.cpp */; };
		116AB3DF208FFAC3004D9E00 /* Layer.h in Headers */ = {isa = PBXBuildFile; fileRef = 116AB3BC208FFAC3004D9E00 /* Layer.h */; };
		116AB3E0208FFAC3004D9E00 /* Layout.cpp in Sources */ = {isa = PBXBuildFile; fileRef = 116AB3BD208FFAC3004D9E00 /* Layout.cpp */; };
		116AB3E1208FFAC3004D9E00 /* Renderer.cpp in Sources */ = {isa = PBXBuildFile; fileRef = 116AB3BE208FFAC3004D9E00 /* Renderer.cpp */; };
		116AB3E2208FFAC3004D9E00 /* Renderer.h in Headers */ = {isa = PBXBuildFile; fileRef = 116AB3BF208FFAC3004D9E00 /* Renderer.h */; };
		116AB3E3208FFAC3004D9E00 /* TextManager.cpp in Sources */ = {isa = PBXBuildFile; fileRef = 116AB3C0208FFAC3004D9E00 /* TextManager.cpp */; };
		116AB3E4208FFAC3004D9E00 /* TextManager.h in Headers */ = {isa = PBXBuildFile; fileRef = 116AB3C1208FFAC3004D9E00 /* TextManager.h */; };
		11A38FDF1E7E3886008C452D /* format.cc in Sources */ = {isa = PBXBuildFile; fileRef = 11A38FB51E7E3886008C452D /* format.cc */; };
		11A38FE01E7E3886008C452D /* format.h in Headers */ = {isa = PBXBuildFile; fileRef = 11A38FB61E7E3886008C452D /* format.h */; };
		11A38FE11E7E3886008C452D /* Factory.h in Headers */ = {isa = PBXBuildFile; fileRef = 11A38FB91E7E3886008C452D /* Factory.h */; };
/* End PBXBuildFile section */

/* Begin PBXFileReference section */
		1104F3C917753F10003EAA2B /* libcinder-view.a */ = {isa = PBXFileReference; explicitFileType = archive.ar; includeInIndex = 0; path = "libcinder-view.a"; sourceTree = BUILT_PRODUCTS_DIR; };
		1104F3CC17753F10003EAA2B /* Cocoa.framework */ = {isa = PBXFileReference; lastKnownFileType = wrapper.framework; name = Cocoa.framework; path = System/Library/Frameworks/Cocoa.framework; sourceTree = SDKROOT; };
		1104F3CF17753F10003EAA2B /* Foundation.framework */ = {isa = PBXFileReference; lastKnownFileType = wrapper.framework; name = Foundation.framework; path = System/Library/Frameworks/Foundation.framework; sourceTree = SDKROOT; };
		116AB39F208FFAC3004D9E00 /* Control.cpp */ = {isa = PBXFileReference; fileEncoding = 4; lastKnownFileType = sourcecode.cpp.cpp; path = Control.cpp; sourceTree = "<group>"; };
		116AB3A0208FFAC3004D9E00 /* Control.h */ = {isa = PBXFileReference; fileEncoding = 4; lastKnownFileType = sourcecode.c.h; path = Control.h; sourceTree = "<group>"; };
		116AB3A1208FFAC3004D9E00 /* Debug.h */ = {isa = PBXFileReference; fileEncoding = 4; lastKnownFileType = sourcecode.c.h; path = Debug.h; sourceTree = "<group>"; };
		116AB3A2208FFAC3004D9E00 /* Export.h */ = {isa = PBXFileReference; fileEncoding = 4; lastKnownFileType = sourcecode.c.h; path = Export.h; sourceTree = "<group>"; };
		116AB3A3208FFAC3004D9E00 /* Filter.h */ = {isa = PBXFileReference; fileEncoding = 4; lastKnownFileType = sourcecode.c.h; path = Filter.h; sourceTree = "<group>"; };
		116AB3A4208FFAC3004D9E00 /* GestureTracker.cpp */ = {isa = PBXFileReference; fileEncoding = 4; lastKnownFileType = sourcecode.cpp.cpp; path = GestureTracker.cpp; sourceTree = "<group>"; };
		116AB3A5208FFAC3004D9E00 /* GestureTracker.h */ = {isa = PBXFileReference; fileEncoding = 4; lastKnownFileType = sourcecode.c.h; path = GestureTracker.h; sourceTree = "<group>"; };
		116AB3A6208FFAC3004D9E00 /* Graph.cpp */ = {isa = PBXFileReference; fileEncoding = 4; lastKnownFileType = sourcecode.cpp.cpp; path = Graph.cpp; sourceTree = "<group>"; };
		116AB3A7208FFAC3004D9E00 /* Graph.h */ = {isa = PBXFileReference; fileEncoding = 4; lastKnownFileType = sourcecode.c.h; path = Graph.h; sourceTree = "<group>"; };
		116AB3A8208FFAC3004D9E00 /* Interface3d.cpp */ = {isa = PBXFileReference; fileEncoding = 4; lastKnownFileType = sourcecode.cpp.cpp; path = Interface3d.cpp; sourceTree = "<group>"; };
		116AB3A9208FFAC3004D9E00 /* Interface3d.h */ = {isa = PBXFileReference; fileEncoding = 4; lastKnownFileType = sourcecode.c.h; path = Interface3d.h; sourceTree = "<group>"; };
		116AB3AA208FFAC3004D9E00 /* Label.cpp */ = {isa = PBXFileReference; fileEncoding = 4; lastKnownFileType = sourcecode.cpp.cpp; path = Label.cpp; sourceTree = "<group>"; };
		116AB3AB208FFAC3004D9E00 /* Label.h */ = {isa = PBXFileReference; fileEncoding = 4; lastKnownFileType = sourcecode.c.h; path = Label.h; sourceTree = "<group>"; };
		116AB3AC208FFAC3004D9E00 /* Layout.h */ = {isa = PBXFileReference; fileEncoding = 4; lastKnownFileType = sourcecode.c.h; path = Layout.h; sourceTree = "<group>"; };
		116AB3AD208FFAC3004D9E00 /* ScrollView.cpp */ = {isa = PBXFileReference; fileEncoding = 4; lastKnownFileType = sourcecode.cpp.cpp; path = ScrollView.cpp; sourceTree = "<group>"; };
		116AB3AE208FFAC3004D9E00 /* ScrollView.h */ = {isa = PBXFileReference; fileEncoding = 4; lastKnownFileType = sourcecode.c.h; path = ScrollView.h; sourceTree = "<group>"; };
		116AB3AF208FFAC3004D9E00 /* Suite.cpp */ = {isa = PBXFileReference; fileEncoding = 4; lastKnownFileType = sourcecode.cpp.cpp; path = Suite.cpp; sourceTree = "<group>"; };
		116AB3B0208FFAC3004D9E00 /* Suite.h */ = {isa = PBXFileReference; fileEncoding = 4; lastKnownFileType = sourcecode.c.h; path = Suite.h; sourceTree = "<group>"; };
		116AB3B1208FFAC3004D9E00 /* TextField.cpp */ = {isa = PBXFileReference; fileEncoding = 4; lastKnownFileType = sourcecode.cpp.cpp; path = TextField.cpp; sourceTree = "<group>"; };
		116AB3B2208FFAC3004D9E00 /* TextField.h */ = {isa = PBXFileReference; fileEncoding = 4; lastKnownFileType = sourcecode.c.h; path = TextField.h; sourceTree = "<group>"; };
		116AB3B3208FFAC3004D9E00 /* ui.h */ = {isa = PBXFileReference; fileEncoding = 4; lastKnownFileType = sourcecode.c.h; path = ui.h; sourceTree = "<group>"; };
		116AB3B4208FFAC3004D9E00 /* View.cpp */ = {isa = PBXFileReference; fileEncoding = 4; lastKnownFileType = sourcecode.cpp.cpp; path = View.cpp; sourceTree = "<group>"; };
		116AB3B5208FFAC3004D9E00 /* View.h */ = {isa = PBXFileReference; fileEncoding = 4; lastKnownFileType = sourcecode.c.h; path = View.h; sourceTree = "<group>"; };
		116AB3B6208FFAC3004D9E00 /* Filter.cpp */ = {isa = PBXFileReference; fileEncoding = 4; lastKnownFileType = sourcecode.cpp.cpp; path = Filter.cpp; sourceTree = "<group>"; };
		116AB3B7208FFAC3004D9E00 /* Image.cpp */ = {isa = PBXFileReference; fileEncoding = 4; lastKnownFileType = sourcecode.cpp.cpp; path = Image.cpp; sourceTree = "<group>"; };
		116AB3B8208FFAC3004D9E00 /* Image.h */ = {isa = PBXFileReference; fileEncoding = 4; lastKnownFileType = sourcecode.c.h; path = Image.h; sourceTree = "<group>"; };
		116AB3B9208FFAC3004D9E00 /* ImageView.cpp */ = {isa = PBXFileReference; fileEncoding = 4; lastKnownFileType = sourcecode.cpp.cpp; path = ImageView.cpp; sourceTree = "<group>"; };
		116AB3BA208FFAC3004D9E00 /* ImageView.h */ = {isa = PBXFileReference; fileEncoding = 4; lastKnownFileType = sourcecode.c.h; path = ImageView.h; sourceTree = "<group>"; };
		116AB3BB208FFAC3004D9E00 /* Layer.cpp */ = {isa = PBXFileReference; fileEncoding = 4; lastKnownFileType = sourcecode.cpp.cpp; path = Layer.cpp; sourceTree = "<group>"; };
		116AB3BC208FFAC3004D9E00 /* Layer.h */ = {isa = PBXFileReference; fileEncoding = 4; lastKnownFileType = sourcecode.c.h; path = Layer.h; sourceTree = "<group>"; };
		116AB3BD208FFAC3004D9E00 /* Layout.cpp */ = {isa = PBXFileReference; fileEncoding = 4; lastKnownFileType = sourcecode.cpp.cpp; path = Layout.cpp; sourceTree = "<group>"; };
		116AB3BE208FFAC3004D9E00 /* Renderer.cpp */ = {isa = PBXFileReference; fileEncoding = 4; lastKnownFileType = sourcecode.cpp.cpp; path = Renderer.cpp; sourceTree = "<group>"; };
		116AB3BF208FFAC3004D9E00 /* Renderer.h */ = {isa = PBXFileReference; fileEncoding = 4; lastKnownFileType = sourcecode.c.h; path = Renderer.h; sourceTree = "<group>"; };
		116AB3C0208FFAC3004D9E00 /* TextManager.cpp */ = {isa = PBXFileReference; fileEncoding = 4; lastKnownFileType = sourcecode.cpp.cpp; path = TextManager.cpp; sourceTree = "<group>"; };
		116AB3C1208FFAC3004D9E00 /* TextManager.h */ = {isa = PBXFileReference; fileEncoding = 4; lastKnownFileType = sourcecode.c.h; path = TextManager.h; sourceTree = "<group>"; };
		11A38FB51E7E3886008C452D /* format.cc */ = {isa = PBXFileReference; fileEncoding = 4; lastKnownFileType = sourcecode.cpp.cpp; path = format.cc; sourceTree = "<group>"; };
		11A38FB61E7E3886008C452D /* format.h */ = {isa = PBXFileReference; fileEncoding = 4; lastKnownFileType = sourcecode.c.h; path = format.h; sourceTree = "<group>"; };
		11A38FB91E7E3886008C452D /* Factory.h */ = {isa = PBXFileReference; fileEncoding = 4; lastKnownFileType = sourcecode.c.h; path = Factory.h; sourceTree = "<group>"; };
		11B0421C179B90450034BEE2 /* libcinder-view.a */ = {isa = PBXFileReference; explicitFileType = archive.ar; includeInIndex = 0; path = "libcinder-view.a"; sourceTree = BUILT_PRODUCTS_DIR; };
/* End PBXFileReference section */

/* Begin PBXFrameworksBuildPhase section */
		1104F3C617753F10003EAA2B /* Frameworks */ = {
			isa = PBXFrameworksBuildPhase;
			buildActionMask = 2147483647;
			files = (
			);
			runOnlyForDeploymentPostprocessing = 0;
		};
		11B04202179B90450034BEE2 /* Frameworks */ = {
			isa = PBXFrameworksBuildPhase;
			buildActionMask = 2147483647;
			files = (
			);
			runOnlyForDeploymentPostprocessing = 0;
		};
/* End PBXFrameworksBuildPhase section */

/* Begin PBXGroup section */
		1104F3C017753F10003EAA2B = {
			isa = PBXGroup;
			children = (
				1104F46017754A6E003EAA2B /* src */,
				1104F3CB17753F10003EAA2B /* Frameworks */,
				1104F3CA17753F10003EAA2B /* Products */,
			);
			sourceTree = "<group>";
		};
		1104F3CA17753F10003EAA2B /* Products */ = {
			isa = PBXGroup;
			children = (
				1104F3C917753F10003EAA2B /* libcinder-view.a */,
				11B0421C179B90450034BEE2 /* libcinder-view.a */,
			);
			name = Products;
			sourceTree = "<group>";
		};
		1104F3CB17753F10003EAA2B /* Frameworks */ = {
			isa = PBXGroup;
			children = (
				1104F3CC17753F10003EAA2B /* Cocoa.framework */,
				1104F3CE17753F10003EAA2B /* Other Frameworks */,
			);
			name = Frameworks;
			sourceTree = "<group>";
		};
		1104F3CE17753F10003EAA2B /* Other Frameworks */ = {
			isa = PBXGroup;
			children = (
				1104F3CF17753F10003EAA2B /* Foundation.framework */,
			);
			name = "Other Frameworks";
			sourceTree = "<group>";
		};
		1104F46017754A6E003EAA2B /* src */ = {
			isa = PBXGroup;
			children = (
				11A38FB41E7E3886008C452D /* fmt */,
				11A38FB81E7E3886008C452D /* mason */,
				11A38FBA1E7E3886008C452D /* ui */,
			);
			name = src;
			path = ../src;
			sourceTree = "<group>";
		};
		11A38FB41E7E3886008C452D /* fmt */ = {
			isa = PBXGroup;
			children = (
				11A38FB51E7E3886008C452D /* format.cc */,
				11A38FB61E7E3886008C452D /* format.h */,
			);
			name = fmt;
			path = ../../src/fmt;
			sourceTree = "<group>";
		};
		11A38FB81E7E3886008C452D /* mason */ = {
			isa = PBXGroup;
			children = (
				11A38FB91E7E3886008C452D /* Factory.h */,
			);
			name = mason;
			path = ../../src/mason;
			sourceTree = "<group>";
		};
		11A38FBA1E7E3886008C452D /* ui */ = {
			isa = PBXGroup;
			children = (
				116AB39F208FFAC3004D9E00 /* Control.cpp */,
				116AB3A0208FFAC3004D9E00 /* Control.h */,
				116AB3A1208FFAC3004D9E00 /* Debug.h */,
				116AB3A2208FFAC3004D9E00 /* Export.h */,
				116AB3A3208FFAC3004D9E00 /* Filter.h */,
				116AB3A4208FFAC3004D9E00 /* GestureTracker.cpp */,
				116AB3A5208FFAC3004D9E00 /* GestureTracker.h */,
				116AB3A6208FFAC3004D9E00 /* Graph.cpp */,
				116AB3A7208FFAC3004D9E00 /* Graph.h */,
				116AB3A8208FFAC3004D9E00 /* Interface3d.cpp */,
				116AB3A9208FFAC3004D9E00 /* Interface3d.h */,
				116AB3AA208FFAC3004D9E00 /* Label.cpp */,
				116AB3AB208FFAC3004D9E00 /* Label.h */,
				116AB3AC208FFAC3004D9E00 /* Layout.h */,
				116AB3AD208FFAC3004D9E00 /* ScrollView.cpp */,
				116AB3AE208FFAC3004D9E00 /* ScrollView.h */,
				116AB3AF208FFAC3004D9E00 /* Suite.cpp */,
				116AB3B0208FFAC3004D9E00 /* Suite.h */,
				116AB3B1208FFAC3004D9E00 /* TextField.cpp */,
				116AB3B2208FFAC3004D9E00 /* TextField.h */,
				116AB3B3208FFAC3004D9E00 /* ui.h */,
				116AB3B4208FFAC3004D9E00 /* View.cpp */,
				116AB3B5208FFAC3004D9E00 /* View.h */,
				116AB3B6208FFAC3004D9E00 /* Filter.cpp */,
				116AB3B7208FFAC3004D9E00 /* Image.cpp */,
				116AB3B8208FFAC3004D9E00 /* Image.h */,
				116AB3B9208FFAC3004D9E00 /* ImageView.cpp */,
				116AB3BA208FFAC3004D9E00 /* ImageView.h */,
				116AB3BB208FFAC3004D9E00 /* Layer.cpp */,
				116AB3BC208FFAC3004D9E00 /* Layer.h */,
				116AB3BD208FFAC3004D9E00 /* Layout.cpp */,
				116AB3BE208FFAC3004D9E00 /* Renderer.cpp */,
				116AB3BF208FFAC3004D9E00 /* Renderer.h */,
				116AB3C0208FFAC3004D9E00 /* TextManager.cpp */,
				116AB3C1208FFAC3004D9E00 /* TextManager.h */,
			);
			name = ui;
			path = ../../src/ui;
			sourceTree = "<group>";
		};
/* End PBXGroup section */

/* Begin PBXHeadersBuildPhase section */
		1104F3C717753F10003EAA2B /* Headers */ = {
			isa = PBXHeadersBuildPhase;
			buildActionMask = 2147483647;
			files = (
				116AB3DF208FFAC3004D9E00 /* Layer.h in Headers */,
				116AB3C6208FFAC3004D9E00 /* Filter.h in Headers */,
				116AB3C8208FFAC3004D9E00 /* GestureTracker.h in Headers */,
				116AB3E2208FFAC3004D9E00 /* Renderer.h in Headers */,
				116AB3C4208FFAC3004D9E00 /* Debug.h in Headers */,
				116AB3CE208FFAC3004D9E00 /* Label.h in Headers */,
				116AB3D1208FFAC3004D9E00 /* ScrollView.h in Headers */,
				116AB3CC208FFAC3004D9E00 /* Interface3d.h in Headers */,
				11A38FE01E7E3886008C452D /* format.h in Headers */,
				116AB3D8208FFAC3004D9E00 /* View.h in Headers */,
				116AB3CF208FFAC3004D9E00 /* Layout.h in Headers */,
				116AB3C3208FFAC3004D9E00 /* Control.h in Headers */,
				116AB3C5208FFAC3004D9E00 /* Export.h in Headers */,
				116AB3D3208FFAC3004D9E00 /* Suite.h in Headers */,
				116AB3DB208FFAC3004D9E00 /* Image.h in Headers */,
				116AB3E4208FFAC3004D9E00 /* TextManager.h in Headers */,
				116AB3DD208FFAC3004D9E00 /* ImageView.h in Headers */,
				11A38FE11E7E3886008C452D /* Factory.h in Headers */,
				116AB3D5208FFAC3004D9E00 /* TextField.h in Headers */,
				116AB3CA208FFAC3004D9E00 /* Graph.h in Headers */,
				116AB3D6208FFAC3004D9E00 /* ui.h in Headers */,
			);
			runOnlyForDeploymentPostprocessing = 0;
		};
		11B04203179B90450034BEE2 /* Headers */ = {
			isa = PBXHeadersBuildPhase;
			buildActionMask = 2147483647;
			files = (
			);
			runOnlyForDeploymentPostprocessing = 0;
		};
/* End PBXHeadersBuildPhase section */

/* Begin PBXNativeTarget section */
		1104F3C817753F10003EAA2B /* cinder-view-mac */ = {
			isa = PBXNativeTarget;
			buildConfigurationList = 1104F3ED17753F10003EAA2B /* Build configuration list for PBXNativeTarget "cinder-view-mac" */;
			buildPhases = (
				1104F3C517753F10003EAA2B /* Sources */,
				1104F3C617753F10003EAA2B /* Frameworks */,
				1104F3C717753F10003EAA2B /* Headers */,
			);
			buildRules = (
			);
			dependencies = (
			);
			name = "cinder-view-mac";
			productName = "cinder-viewMac";
			productReference = 1104F3C917753F10003EAA2B /* libcinder-view.a */;
			productType = "com.apple.product-type.library.static";
		};
		11B041F2179B90450034BEE2 /* cinder-view-ios */ = {
			isa = PBXNativeTarget;
			buildConfigurationList = 11B04219179B90450034BEE2 /* Build configuration list for PBXNativeTarget "cinder-view-ios" */;
			buildPhases = (
				11B041F3179B90450034BEE2 /* Sources */,
				11B04202179B90450034BEE2 /* Frameworks */,
				11B04203179B90450034BEE2 /* Headers */,
			);
			buildRules = (
			);
			dependencies = (
			);
			name = "cinder-view-ios";
			productName = "cinder-viewMac";
			productReference = 11B0421C179B90450034BEE2 /* libcinder-view.a */;
			productType = "com.apple.product-type.library.static";
		};
/* End PBXNativeTarget section */

/* Begin PBXProject section */
		1104F3C117753F10003EAA2B /* Project object */ = {
			isa = PBXProject;
			attributes = {
				LastUpgradeCheck = 0500;
				ORGANIZATIONNAME = Racoon;
			};
			buildConfigurationList = 1104F3C417753F10003EAA2B /* Build configuration list for PBXProject "cinder-view" */;
			compatibilityVersion = "Xcode 3.2";
			developmentRegion = English;
			hasScannedForEncodings = 0;
			knownRegions = (
				en,
			);
			mainGroup = 1104F3C017753F10003EAA2B;
			productRefGroup = 1104F3CA17753F10003EAA2B /* Products */;
			projectDirPath = "";
			projectRoot = "";
			targets = (
				1104F3C817753F10003EAA2B /* cinder-view-mac */,
				11B041F2179B90450034BEE2 /* cinder-view-ios */,
			);
		};
/* End PBXProject section */

/* Begin PBXSourcesBuildPhase section */
		1104F3C517753F10003EAA2B /* Sources */ = {
			isa = PBXSourcesBuildPhase;
			buildActionMask = 2147483647;
			files = (
				116AB3CD208FFAC3004D9E00 /* Label.cpp in Sources */,
				116AB3C9208FFAC3004D9E00 /* Graph.cpp in Sources */,
				116AB3C7208FFAC3004D9E00 /* GestureTracker.cpp in Sources */,
				116AB3D9208FFAC3004D9E00 /* Filter.cpp in Sources */,
				116AB3E1208FFAC3004D9E00 /* Renderer.cpp in Sources */,
				116AB3D4208FFAC3004D9E00 /* TextField.cpp in Sources */,
				116AB3DE208FFAC3004D9E00 /* Layer.cpp in Sources */,
				116AB3D7208FFAC3004D9E00 /* View.cpp in Sources */,
				116AB3DC208FFAC3004D9E00 /* ImageView.cpp in Sources */,
				11A38FDF1E7E3886008C452D /* format.cc in Sources */,
				116AB3E0208FFAC3004D9E00 /* Layout.cpp in Sources */,
				116AB3D2208FFAC3004D9E00 /* Suite.cpp in Sources */,
				116AB3CB208FFAC3004D9E00 /* Interface3d.cpp in Sources */,
				116AB3DA208FFAC3004D9E00 /* Image.cpp in Sources */,
				116AB3C2208FFAC3004D9E00 /* Control.cpp in Sources */,
				116AB3E3208FFAC3004D9E00 /* TextManager.cpp in Sources */,
				116AB3D0208FFAC3004D9E00 /* ScrollView.cpp in Sources */,
			);
			runOnlyForDeploymentPostprocessing = 0;
		};
		11B041F3179B90450034BEE2 /* Sources */ = {
			isa = PBXSourcesBuildPhase;
			buildActionMask = 2147483647;
			files = (
			);
			runOnlyForDeploymentPostprocessing = 0;
		};
/* End PBXSourcesBuildPhase section */

/* Begin XCBuildConfiguration section */
		1104F3EB17753F10003EAA2B /* Debug */ = {
			isa = XCBuildConfiguration;
			buildSettings = {
				ALWAYS_SEARCH_USER_PATHS = NO;
				CINDER_PATH = ../../../..;
				CLANG_CXX_LANGUAGE_STANDARD = "c++14";
				CLANG_CXX_LIBRARY = "libc++";
				CONFIGURATION_TEMP_DIR = "build/$(CONFIGURATION)$(EFFECTIVE_PLATFORM_NAME)";
				COPY_PHASE_STRIP = NO;
				GCC_PRECOMPILE_PREFIX_HEADER = YES;
				GENERATE_MASTER_OBJECT_FILE = YES;
				HEADER_SEARCH_PATHS = "\"$(CINDER_PATH)/include\"";
				LINK_WITH_STANDARD_LIBRARIES = NO;
				MACOSX_DEPLOYMENT_TARGET = 10.8;
				OBJROOT = build;
				ONLY_ACTIVE_ARCH = NO;
				PRODUCT_NAME = "cinder-view";
				SDKROOT = macosx;
				USER_HEADER_SEARCH_PATHS = "../../src \"$(CINDER_PATH)/include\"";
			};
			name = Debug;
		};
		1104F3EC17753F10003EAA2B /* Release */ = {
			isa = XCBuildConfiguration;
			buildSettings = {
				ALWAYS_SEARCH_USER_PATHS = NO;
				CINDER_PATH = ../../../..;
				CLANG_CXX_LANGUAGE_STANDARD = "c++14";
				CLANG_CXX_LIBRARY = "libc++";
				CONFIGURATION_TEMP_DIR = "build/$(CONFIGURATION)$(EFFECTIVE_PLATFORM_NAME)";
				COPY_PHASE_STRIP = YES;
				DEBUG_INFORMATION_FORMAT = "dwarf-with-dsym";
				GCC_PRECOMPILE_PREFIX_HEADER = YES;
				GCC_PREPROCESSOR_DEFINITIONS = NDEBUG;
				GENERATE_MASTER_OBJECT_FILE = YES;
				HEADER_SEARCH_PATHS = "\"$(CINDER_PATH)/include\"";
				LINK_WITH_STANDARD_LIBRARIES = NO;
				MACOSX_DEPLOYMENT_TARGET = 10.8;
				OBJROOT = build;
				PRODUCT_NAME = "cinder-view";
				SDKROOT = macosx;
				USER_HEADER_SEARCH_PATHS = "../../src \"$(CINDER_PATH)/include\"";
			};
			name = Release;
		};
		1104F3EE17753F10003EAA2B /* Debug */ = {
			isa = XCBuildConfiguration;
			buildSettings = {
				ARCHS = "$(ARCHS_STANDARD_64_BIT)";
				ONLY_ACTIVE_ARCH = YES;
				SYMROOT = ../../lib/macosx;
			};
			name = Debug;
		};
		1104F3EF17753F10003EAA2B /* Release */ = {
			isa = XCBuildConfiguration;
			buildSettings = {
				ARCHS = "$(ARCHS_STANDARD_64_BIT)";
				ONLY_ACTIVE_ARCH = YES;
				SYMROOT = ../../lib/macosx;
			};
			name = Release;
		};
		11B0421A179B90450034BEE2 /* Debug */ = {
			isa = XCBuildConfiguration;
			buildSettings = {
				ARCHS = "$(ARCHS_STANDARD_INCLUDING_64_BIT)";
				GCC_DYNAMIC_NO_PIC = YES;
				GCC_PRECOMPILE_PREFIX_HEADER = NO;
				IPHONEOS_DEPLOYMENT_TARGET = 5.0;
				SDKROOT = iphoneos;
				SYMROOT = "../lib/cinder-view/ios";
				TARGETED_DEVICE_FAMILY = "1,2";
			};
			name = Debug;
		};
		11B0421B179B90450034BEE2 /* Release */ = {
			isa = XCBuildConfiguration;
			buildSettings = {
				ARCHS = "$(ARCHS_STANDARD_INCLUDING_64_BIT)";
				GCC_DYNAMIC_NO_PIC = YES;
				GCC_PRECOMPILE_PREFIX_HEADER = NO;
				IPHONEOS_DEPLOYMENT_TARGET = 5.0;
				SDKROOT = iphoneos;
				SYMROOT = "../lib/cinder-view/ios";
				TARGETED_DEVICE_FAMILY = "1,2";
			};
			name = Release;
		};
/* End XCBuildConfiguration section */

/* Begin XCConfigurationList section */
		1104F3C417753F10003EAA2B /* Build configuration list for PBXProject "cinder-view" */ = {
			isa = XCConfigurationList;
			buildConfigurations = (
				1104F3EB17753F10003EAA2B /* Debug */,
				1104F3EC17753F10003EAA2B /* Release */,
			);
			defaultConfigurationIsVisible = 0;
			defaultConfigurationName = Release;
		};
		1104F3ED17753F10003EAA2B /* Build configuration list for PBXNativeTarget "cinder-view-mac" */ = {
			isa = XCConfigurationList;
			buildConfigurations = (
				1104F3EE17753F10003EAA2B /* Debug */,
				1104F3EF17753F10003EAA2B /* Release */,
			);
			defaultConfigurationIsVisible = 0;
			defaultConfigurationName = Release;
		};
		11B04219179B90450034BEE2 /* Build configuration list for PBXNativeTarget "cinder-view-ios" */ = {
			isa = XCConfigurationList;
			buildConfigurations = (
				11B0421A179B90450034BEE2 /* Debug */,
				11B0421B179B90450034BEE2 /* Release */,
			);
			defaultConfigurationIsVisible = 0;
			defaultConfigurationName = Release;
		};
/* End XCConfigurationList section */
	};
	rootObject = 1104F3C117753F10003EAA2B /* Project object */;
}
